// !$*UTF8*$!
{
	archiveVersion = 1;
	classes = {
	};
	objectVersion = 51;
	objects = {

/* Begin PBXBuildFile section */
		A5BD600E232776DC00D78BA5 /* AppDelegate.swift in Sources */ = {isa = PBXBuildFile; fileRef = A5BD600D232776DC00D78BA5 /* AppDelegate.swift */; };
		A5BD6013232776DC00D78BA5 /* Main.storyboard in Resources */ = {isa = PBXBuildFile; fileRef = A5BD6011232776DC00D78BA5 /* Main.storyboard */; };
		A5BD6015232776DE00D78BA5 /* Assets.xcassets in Resources */ = {isa = PBXBuildFile; fileRef = A5BD6014232776DE00D78BA5 /* Assets.xcassets */; };
		A5BD6018232776DE00D78BA5 /* LaunchScreen.storyboard in Resources */ = {isa = PBXBuildFile; fileRef = A5BD6016232776DE00D78BA5 /* LaunchScreen.storyboard */; };
		A5BD6023232776DE00D78BA5 /* kylWCDBSwiftDemoTests.swift in Sources */ = {isa = PBXBuildFile; fileRef = A5BD6022232776DE00D78BA5 /* kylWCDBSwiftDemoTests.swift */; };
		A5BD602E232776DE00D78BA5 /* kylWCDBSwiftDemoUITests.swift in Sources */ = {isa = PBXBuildFile; fileRef = A5BD602D232776DE00D78BA5 /* kylWCDBSwiftDemoUITests.swift */; };
		A5BD603E232778CA00D78BA5 /* KPerson.swift in Sources */ = {isa = PBXBuildFile; fileRef = A5BD603D232778CA00D78BA5 /* KPerson.swift */; };
		A5BD604023277B8D00D78BA5 /* KDBManager.swift in Sources */ = {isa = PBXBuildFile; fileRef = A5BD603F23277B8D00D78BA5 /* KDBManager.swift */; };
		A5BD60432327955D00D78BA5 /* KPersonListTableVC.swift in Sources */ = {isa = PBXBuildFile; fileRef = A5BD60422327955D00D78BA5 /* KPersonListTableVC.swift */; };
		A5BD60452327957D00D78BA5 /* KAddPersonVC.swift in Sources */ = {isa = PBXBuildFile; fileRef = A5BD60442327957D00D78BA5 /* KAddPersonVC.swift */; };
		A5BD60472327B98700D78BA5 /* KTestWCDBVC.swift in Sources */ = {isa = PBXBuildFile; fileRef = A5BD60462327B98700D78BA5 /* KTestWCDBVC.swift */; };
		A5C54BCA2328DDB700A2E4A6 /* Sample.swift in Sources */ = {isa = PBXBuildFile; fileRef = A5C54BC92328DDB700A2E4A6 /* Sample.swift */; };
		B1BC086E32F28617925A969F /* Pods_kylWCDBSwiftDemo.framework in Frameworks */ = {isa = PBXBuildFile; fileRef = B96C8DB2E73030273905B50B /* Pods_kylWCDBSwiftDemo.framework */; };
		B8C3317941B7083799F35E8D /* Pods_kylWCDBSwiftDemoUITests.framework in Frameworks */ = {isa = PBXBuildFile; fileRef = 338A13B3502130AB4FE05612 /* Pods_kylWCDBSwiftDemoUITests.framework */; };
		CD6AC00DB890DDFBFC05EECB /* Pods_kylWCDBSwiftDemoTests.framework in Frameworks */ = {isa = PBXBuildFile; fileRef = 6BD9C4311BCC1A9625BCB272 /* Pods_kylWCDBSwiftDemoTests.framework */; };
/* End PBXBuildFile section */

/* Begin PBXContainerItemProxy section */
		A5BD601F232776DE00D78BA5 /* PBXContainerItemProxy */ = {
			isa = PBXContainerItemProxy;
			containerPortal = A5BD6002232776DC00D78BA5 /* Project object */;
			proxyType = 1;
			remoteGlobalIDString = A5BD6009232776DC00D78BA5;
			remoteInfo = kylWCDBSwiftDemo;
		};
		A5BD602A232776DE00D78BA5 /* PBXContainerItemProxy */ = {
			isa = PBXContainerItemProxy;
			containerPortal = A5BD6002232776DC00D78BA5 /* Project object */;
			proxyType = 1;
			remoteGlobalIDString = A5BD6009232776DC00D78BA5;
			remoteInfo = kylWCDBSwiftDemo;
		};
/* End PBXContainerItemProxy section */

/* Begin PBXFileReference section */
		0E33908D990A1B7BCB09163F /* Pods-kylWCDBSwiftDemoUITests.release.xcconfig */ = {isa = PBXFileReference; includeInIndex = 1; lastKnownFileType = text.xcconfig; name = "Pods-kylWCDBSwiftDemoUITests.release.xcconfig"; path = "Target Support Files/Pods-kylWCDBSwiftDemoUITests/Pods-kylWCDBSwiftDemoUITests.release.xcconfig"; sourceTree = "<group>"; };
		338A13B3502130AB4FE05612 /* Pods_kylWCDBSwiftDemoUITests.framework */ = {isa = PBXFileReference; explicitFileType = wrapper.framework; includeInIndex = 0; path = Pods_kylWCDBSwiftDemoUITests.framework; sourceTree = BUILT_PRODUCTS_DIR; };
		6BD9C4311BCC1A9625BCB272 /* Pods_kylWCDBSwiftDemoTests.framework */ = {isa = PBXFileReference; explicitFileType = wrapper.framework; includeInIndex = 0; path = Pods_kylWCDBSwiftDemoTests.framework; sourceTree = BUILT_PRODUCTS_DIR; };
		73B3BD9590F4FA07C97B3FC2 /* Pods-kylWCDBSwiftDemo.release.xcconfig */ = {isa = PBXFileReference; includeInIndex = 1; lastKnownFileType = text.xcconfig; name = "Pods-kylWCDBSwiftDemo.release.xcconfig"; path = "Target Support Files/Pods-kylWCDBSwiftDemo/Pods-kylWCDBSwiftDemo.release.xcconfig"; sourceTree = "<group>"; };
		7777793CD8D3F0E1745C5A84 /* Pods-kylWCDBSwiftDemo.debug.xcconfig */ = {isa = PBXFileReference; includeInIndex = 1; lastKnownFileType = text.xcconfig; name = "Pods-kylWCDBSwiftDemo.debug.xcconfig"; path = "Target Support Files/Pods-kylWCDBSwiftDemo/Pods-kylWCDBSwiftDemo.debug.xcconfig"; sourceTree = "<group>"; };
		A5BD600A232776DC00D78BA5 /* kylWCDBSwiftDemo.app */ = {isa = PBXFileReference; explicitFileType = wrapper.application; includeInIndex = 0; path = kylWCDBSwiftDemo.app; sourceTree = BUILT_PRODUCTS_DIR; };
		A5BD600D232776DC00D78BA5 /* AppDelegate.swift */ = {isa = PBXFileReference; lastKnownFileType = sourcecode.swift; path = AppDelegate.swift; sourceTree = "<group>"; };
		A5BD6012232776DC00D78BA5 /* Base */ = {isa = PBXFileReference; lastKnownFileType = file.storyboard; name = Base; path = Base.lproj/Main.storyboard; sourceTree = "<group>"; };
		A5BD6014232776DE00D78BA5 /* Assets.xcassets */ = {isa = PBXFileReference; lastKnownFileType = folder.assetcatalog; path = Assets.xcassets; sourceTree = "<group>"; };
		A5BD6017232776DE00D78BA5 /* Base */ = {isa = PBXFileReference; lastKnownFileType = file.storyboard; name = Base; path = Base.lproj/LaunchScreen.storyboard; sourceTree = "<group>"; };
		A5BD6019232776DE00D78BA5 /* Info.plist */ = {isa = PBXFileReference; lastKnownFileType = text.plist.xml; path = Info.plist; sourceTree = "<group>"; };
		A5BD601E232776DE00D78BA5 /* kylWCDBSwiftDemoTests.xctest */ = {isa = PBXFileReference; explicitFileType = wrapper.cfbundle; includeInIndex = 0; path = kylWCDBSwiftDemoTests.xctest; sourceTree = BUILT_PRODUCTS_DIR; };
		A5BD6022232776DE00D78BA5 /* kylWCDBSwiftDemoTests.swift */ = {isa = PBXFileReference; lastKnownFileType = sourcecode.swift; path = kylWCDBSwiftDemoTests.swift; sourceTree = "<group>"; };
		A5BD6024232776DE00D78BA5 /* Info.plist */ = {isa = PBXFileReference; lastKnownFileType = text.plist.xml; path = Info.plist; sourceTree = "<group>"; };
		A5BD6029232776DE00D78BA5 /* kylWCDBSwiftDemoUITests.xctest */ = {isa = PBXFileReference; explicitFileType = wrapper.cfbundle; includeInIndex = 0; path = kylWCDBSwiftDemoUITests.xctest; sourceTree = BUILT_PRODUCTS_DIR; };
		A5BD602D232776DE00D78BA5 /* kylWCDBSwiftDemoUITests.swift */ = {isa = PBXFileReference; lastKnownFileType = sourcecode.swift; path = kylWCDBSwiftDemoUITests.swift; sourceTree = "<group>"; };
		A5BD602F232776DE00D78BA5 /* Info.plist */ = {isa = PBXFileReference; lastKnownFileType = text.plist.xml; path = Info.plist; sourceTree = "<group>"; };
		A5BD603D232778CA00D78BA5 /* KPerson.swift */ = {isa = PBXFileReference; lastKnownFileType = sourcecode.swift; path = KPerson.swift; sourceTree = "<group>"; };
		A5BD603F23277B8D00D78BA5 /* KDBManager.swift */ = {isa = PBXFileReference; lastKnownFileType = sourcecode.swift; path = KDBManager.swift; sourceTree = "<group>"; };
		A5BD60422327955D00D78BA5 /* KPersonListTableVC.swift */ = {isa = PBXFileReference; lastKnownFileType = sourcecode.swift; path = KPersonListTableVC.swift; sourceTree = "<group>"; };
		A5BD60442327957D00D78BA5 /* KAddPersonVC.swift */ = {isa = PBXFileReference; lastKnownFileType = sourcecode.swift; path = KAddPersonVC.swift; sourceTree = "<group>"; };
		A5BD60462327B98700D78BA5 /* KTestWCDBVC.swift */ = {isa = PBXFileReference; lastKnownFileType = sourcecode.swift; path = KTestWCDBVC.swift; sourceTree = "<group>"; };
		A5C54BC92328DDB700A2E4A6 /* Sample.swift */ = {isa = PBXFileReference; lastKnownFileType = sourcecode.swift; path = Sample.swift; sourceTree = "<group>"; };
		A7F53D72B156769C1CBB314C /* Pods-kylWCDBSwiftDemoUITests.debug.xcconfig */ = {isa = PBXFileReference; includeInIndex = 1; lastKnownFileType = text.xcconfig; name = "Pods-kylWCDBSwiftDemoUITests.debug.xcconfig"; path = "Target Support Files/Pods-kylWCDBSwiftDemoUITests/Pods-kylWCDBSwiftDemoUITests.debug.xcconfig"; sourceTree = "<group>"; };
		B71FA6EF414421CC581AF705 /* Pods-kylWCDBSwiftDemoTests.debug.xcconfig */ = {isa = PBXFileReference; includeInIndex = 1; lastKnownFileType = text.xcconfig; name = "Pods-kylWCDBSwiftDemoTests.debug.xcconfig"; path = "Target Support Files/Pods-kylWCDBSwiftDemoTests/Pods-kylWCDBSwiftDemoTests.debug.xcconfig"; sourceTree = "<group>"; };
		B96C8DB2E73030273905B50B /* Pods_kylWCDBSwiftDemo.framework */ = {isa = PBXFileReference; explicitFileType = wrapper.framework; includeInIndex = 0; path = Pods_kylWCDBSwiftDemo.framework; sourceTree = BUILT_PRODUCTS_DIR; };
		DB74E6F7EDDED2E8311C5663 /* Pods-kylWCDBSwiftDemoTests.release.xcconfig */ = {isa = PBXFileReference; includeInIndex = 1; lastKnownFileType = text.xcconfig; name = "Pods-kylWCDBSwiftDemoTests.release.xcconfig"; path = "Target Support Files/Pods-kylWCDBSwiftDemoTests/Pods-kylWCDBSwiftDemoTests.release.xcconfig"; sourceTree = "<group>"; };
/* End PBXFileReference section */

/* Begin PBXFrameworksBuildPhase section */
		A5BD6007232776DC00D78BA5 /* Frameworks */ = {
			isa = PBXFrameworksBuildPhase;
			buildActionMask = 2147483647;
			files = (
				B1BC086E32F28617925A969F /* Pods_kylWCDBSwiftDemo.framework in Frameworks */,
			);
			runOnlyForDeploymentPostprocessing = 0;
		};
		A5BD601B232776DE00D78BA5 /* Frameworks */ = {
			isa = PBXFrameworksBuildPhase;
			buildActionMask = 2147483647;
			files = (
				CD6AC00DB890DDFBFC05EECB /* Pods_kylWCDBSwiftDemoTests.framework in Frameworks */,
			);
			runOnlyForDeploymentPostprocessing = 0;
		};
		A5BD6026232776DE00D78BA5 /* Frameworks */ = {
			isa = PBXFrameworksBuildPhase;
			buildActionMask = 2147483647;
			files = (
				B8C3317941B7083799F35E8D /* Pods_kylWCDBSwiftDemoUITests.framework in Frameworks */,
			);
			runOnlyForDeploymentPostprocessing = 0;
		};
/* End PBXFrameworksBuildPhase section */

/* Begin PBXGroup section */
		A3615DE0AA6CE446C206C925 /* Frameworks */ = {
			isa = PBXGroup;
			children = (
				B96C8DB2E73030273905B50B /* Pods_kylWCDBSwiftDemo.framework */,
				6BD9C4311BCC1A9625BCB272 /* Pods_kylWCDBSwiftDemoTests.framework */,
				338A13B3502130AB4FE05612 /* Pods_kylWCDBSwiftDemoUITests.framework */,
			);
			name = Frameworks;
			sourceTree = "<group>";
		};
		A5BD6001232776DC00D78BA5 = {
			isa = PBXGroup;
			children = (
				A5BD600C232776DC00D78BA5 /* kylWCDBSwiftDemo */,
				A5BD6021232776DE00D78BA5 /* kylWCDBSwiftDemoTests */,
				A5BD602C232776DE00D78BA5 /* kylWCDBSwiftDemoUITests */,
				A5BD600B232776DC00D78BA5 /* Products */,
				A8751F7EED5501B11842EB32 /* Pods */,
				A3615DE0AA6CE446C206C925 /* Frameworks */,
			);
			sourceTree = "<group>";
		};
		A5BD600B232776DC00D78BA5 /* Products */ = {
			isa = PBXGroup;
			children = (
				A5BD600A232776DC00D78BA5 /* kylWCDBSwiftDemo.app */,
				A5BD601E232776DE00D78BA5 /* kylWCDBSwiftDemoTests.xctest */,
				A5BD6029232776DE00D78BA5 /* kylWCDBSwiftDemoUITests.xctest */,
			);
			name = Products;
			sourceTree = "<group>";
		};
		A5BD600C232776DC00D78BA5 /* kylWCDBSwiftDemo */ = {
			isa = PBXGroup;
			children = (
				A5BD6041232793A500D78BA5 /* Controller */,
				A5BD603C232778AC00D78BA5 /* Model */,
				A5BD603B232778A500D78BA5 /* DB */,
				A5BD600D232776DC00D78BA5 /* AppDelegate.swift */,
				A5BD6011232776DC00D78BA5 /* Main.storyboard */,
				A5BD6014232776DE00D78BA5 /* Assets.xcassets */,
				A5BD6016232776DE00D78BA5 /* LaunchScreen.storyboard */,
				A5BD6019232776DE00D78BA5 /* Info.plist */,
			);
			path = kylWCDBSwiftDemo;
			sourceTree = "<group>";
		};
		A5BD6021232776DE00D78BA5 /* kylWCDBSwiftDemoTests */ = {
			isa = PBXGroup;
			children = (
				A5BD6022232776DE00D78BA5 /* kylWCDBSwiftDemoTests.swift */,
				A5BD6024232776DE00D78BA5 /* Info.plist */,
			);
			path = kylWCDBSwiftDemoTests;
			sourceTree = "<group>";
		};
		A5BD602C232776DE00D78BA5 /* kylWCDBSwiftDemoUITests */ = {
			isa = PBXGroup;
			children = (
				A5BD602D232776DE00D78BA5 /* kylWCDBSwiftDemoUITests.swift */,
				A5BD602F232776DE00D78BA5 /* Info.plist */,
			);
			path = kylWCDBSwiftDemoUITests;
			sourceTree = "<group>";
		};
		A5BD603B232778A500D78BA5 /* DB */ = {
			isa = PBXGroup;
			children = (
				A5BD603F23277B8D00D78BA5 /* KDBManager.swift */,
			);
			path = DB;
			sourceTree = "<group>";
		};
		A5BD603C232778AC00D78BA5 /* Model */ = {
			isa = PBXGroup;
			children = (
				A5BD603D232778CA00D78BA5 /* KPerson.swift */,
				A5C54BC92328DDB700A2E4A6 /* Sample.swift */,
			);
			path = Model;
			sourceTree = "<group>";
		};
		A5BD6041232793A500D78BA5 /* Controller */ = {
			isa = PBXGroup;
			children = (
				A5C54C052329077700A2E4A6 /* WCDB */,
			);
			path = Controller;
			sourceTree = "<group>";
		};
		A5C54C052329077700A2E4A6 /* WCDB */ = {
			isa = PBXGroup;
			children = (
				A5BD60422327955D00D78BA5 /* KPersonListTableVC.swift */,
				A5BD60442327957D00D78BA5 /* KAddPersonVC.swift */,
				A5BD60462327B98700D78BA5 /* KTestWCDBVC.swift */,
			);
			path = WCDB;
			sourceTree = "<group>";
		};
		A8751F7EED5501B11842EB32 /* Pods */ = {
			isa = PBXGroup;
			children = (
				7777793CD8D3F0E1745C5A84 /* Pods-kylWCDBSwiftDemo.debug.xcconfig */,
				73B3BD9590F4FA07C97B3FC2 /* Pods-kylWCDBSwiftDemo.release.xcconfig */,
				B71FA6EF414421CC581AF705 /* Pods-kylWCDBSwiftDemoTests.debug.xcconfig */,
				DB74E6F7EDDED2E8311C5663 /* Pods-kylWCDBSwiftDemoTests.release.xcconfig */,
				A7F53D72B156769C1CBB314C /* Pods-kylWCDBSwiftDemoUITests.debug.xcconfig */,
				0E33908D990A1B7BCB09163F /* Pods-kylWCDBSwiftDemoUITests.release.xcconfig */,
			);
			path = Pods;
			sourceTree = "<group>";
		};
/* End PBXGroup section */

/* Begin PBXNativeTarget section */
		A5BD6009232776DC00D78BA5 /* kylWCDBSwiftDemo */ = {
			isa = PBXNativeTarget;
			buildConfigurationList = A5BD6032232776DE00D78BA5 /* Build configuration list for PBXNativeTarget "kylWCDBSwiftDemo" */;
			buildPhases = (
				8B65F3EC4501729D8941FD14 /* [CP] Check Pods Manifest.lock */,
				A5BD6006232776DC00D78BA5 /* Sources */,
				A5BD6007232776DC00D78BA5 /* Frameworks */,
				A5BD6008232776DC00D78BA5 /* Resources */,
				6B3D10754D833BECB715A2D4 /* [CP] Embed Pods Frameworks */,
			);
			buildRules = (
			);
			dependencies = (
			);
			name = kylWCDBSwiftDemo;
			productName = kylWCDBSwiftDemo;
			productReference = A5BD600A232776DC00D78BA5 /* kylWCDBSwiftDemo.app */;
			productType = "com.apple.product-type.application";
		};
		A5BD601D232776DE00D78BA5 /* kylWCDBSwiftDemoTests */ = {
			isa = PBXNativeTarget;
			buildConfigurationList = A5BD6035232776DE00D78BA5 /* Build configuration list for PBXNativeTarget "kylWCDBSwiftDemoTests" */;
			buildPhases = (
				72D9D129FDC84667B56A4B86 /* [CP] Check Pods Manifest.lock */,
				A5BD601A232776DE00D78BA5 /* Sources */,
				A5BD601B232776DE00D78BA5 /* Frameworks */,
				A5BD601C232776DE00D78BA5 /* Resources */,
			);
			buildRules = (
			);
			dependencies = (
				A5BD6020232776DE00D78BA5 /* PBXTargetDependency */,
			);
			name = kylWCDBSwiftDemoTests;
			productName = kylWCDBSwiftDemoTests;
			productReference = A5BD601E232776DE00D78BA5 /* kylWCDBSwiftDemoTests.xctest */;
			productType = "com.apple.product-type.bundle.unit-test";
		};
		A5BD6028232776DE00D78BA5 /* kylWCDBSwiftDemoUITests */ = {
			isa = PBXNativeTarget;
			buildConfigurationList = A5BD6038232776DE00D78BA5 /* Build configuration list for PBXNativeTarget "kylWCDBSwiftDemoUITests" */;
			buildPhases = (
				DF65937D177F5C2B355F9101 /* [CP] Check Pods Manifest.lock */,
				A5BD6025232776DE00D78BA5 /* Sources */,
				A5BD6026232776DE00D78BA5 /* Frameworks */,
				A5BD6027232776DE00D78BA5 /* Resources */,
			);
			buildRules = (
			);
			dependencies = (
				A5BD602B232776DE00D78BA5 /* PBXTargetDependency */,
			);
			name = kylWCDBSwiftDemoUITests;
			productName = kylWCDBSwiftDemoUITests;
			productReference = A5BD6029232776DE00D78BA5 /* kylWCDBSwiftDemoUITests.xctest */;
			productType = "com.apple.product-type.bundle.ui-testing";
		};
/* End PBXNativeTarget section */

/* Begin PBXProject section */
		A5BD6002232776DC00D78BA5 /* Project object */ = {
			isa = PBXProject;
			attributes = {
				LastSwiftUpdateCheck = 1020;
				LastUpgradeCheck = 1020;
				ORGANIZATIONNAME = "yulu kong";
				TargetAttributes = {
					A5BD6009232776DC00D78BA5 = {
						CreatedOnToolsVersion = 10.2.1;
					};
					A5BD601D232776DE00D78BA5 = {
						CreatedOnToolsVersion = 10.2.1;
						TestTargetID = A5BD6009232776DC00D78BA5;
					};
					A5BD6028232776DE00D78BA5 = {
						CreatedOnToolsVersion = 10.2.1;
						TestTargetID = A5BD6009232776DC00D78BA5;
					};
				};
			};
			buildConfigurationList = A5BD6005232776DC00D78BA5 /* Build configuration list for PBXProject "kylWCDBSwiftDemo" */;
			compatibilityVersion = "Xcode 9.3";
			developmentRegion = en;
			hasScannedForEncodings = 0;
			knownRegions = (
				en,
				Base,
			);
			mainGroup = A5BD6001232776DC00D78BA5;
			productRefGroup = A5BD600B232776DC00D78BA5 /* Products */;
			projectDirPath = "";
			projectRoot = "";
			targets = (
				A5BD6009232776DC00D78BA5 /* kylWCDBSwiftDemo */,
				A5BD601D232776DE00D78BA5 /* kylWCDBSwiftDemoTests */,
				A5BD6028232776DE00D78BA5 /* kylWCDBSwiftDemoUITests */,
			);
		};
/* End PBXProject section */

/* Begin PBXResourcesBuildPhase section */
		A5BD6008232776DC00D78BA5 /* Resources */ = {
			isa = PBXResourcesBuildPhase;
			buildActionMask = 2147483647;
			files = (
				A5BD6018232776DE00D78BA5 /* LaunchScreen.storyboard in Resources */,
				A5BD6015232776DE00D78BA5 /* Assets.xcassets in Resources */,
				A5BD6013232776DC00D78BA5 /* Main.storyboard in Resources */,
			);
			runOnlyForDeploymentPostprocessing = 0;
		};
		A5BD601C232776DE00D78BA5 /* Resources */ = {
			isa = PBXResourcesBuildPhase;
			buildActionMask = 2147483647;
			files = (
			);
			runOnlyForDeploymentPostprocessing = 0;
		};
		A5BD6027232776DE00D78BA5 /* Resources */ = {
			isa = PBXResourcesBuildPhase;
			buildActionMask = 2147483647;
			files = (
			);
			runOnlyForDeploymentPostprocessing = 0;
		};
/* End PBXResourcesBuildPhase section */

/* Begin PBXShellScriptBuildPhase section */
		6B3D10754D833BECB715A2D4 /* [CP] Embed Pods Frameworks */ = {
			isa = PBXShellScriptBuildPhase;
			buildActionMask = 2147483647;
			files = (
			);
			inputFileListPaths = (
				"${PODS_ROOT}/Target Support Files/Pods-kylWCDBSwiftDemo/Pods-kylWCDBSwiftDemo-frameworks-${CONFIGURATION}-input-files.xcfilelist",
			);
			name = "[CP] Embed Pods Frameworks";
			outputFileListPaths = (
				"${PODS_ROOT}/Target Support Files/Pods-kylWCDBSwiftDemo/Pods-kylWCDBSwiftDemo-frameworks-${CONFIGURATION}-output-files.xcfilelist",
			);
			runOnlyForDeploymentPostprocessing = 0;
			shellPath = /bin/sh;
			shellScript = "\"${PODS_ROOT}/Target Support Files/Pods-kylWCDBSwiftDemo/Pods-kylWCDBSwiftDemo-frameworks.sh\"\n";
			showEnvVarsInLog = 0;
		};
		72D9D129FDC84667B56A4B86 /* [CP] Check Pods Manifest.lock */ = {
			isa = PBXShellScriptBuildPhase;
			buildActionMask = 2147483647;
			files = (
			);
			inputFileListPaths = (
			);
			inputPaths = (
				"${PODS_PODFILE_DIR_PATH}/Podfile.lock",
				"${PODS_ROOT}/Manifest.lock",
			);
			name = "[CP] Check Pods Manifest.lock";
			outputFileListPaths = (
			);
			outputPaths = (
				"$(DERIVED_FILE_DIR)/Pods-kylWCDBSwiftDemoTests-checkManifestLockResult.txt",
			);
			runOnlyForDeploymentPostprocessing = 0;
			shellPath = /bin/sh;
			shellScript = "diff \"${PODS_PODFILE_DIR_PATH}/Podfile.lock\" \"${PODS_ROOT}/Manifest.lock\" > /dev/null\nif [ $? != 0 ] ; then\n    # print error to STDERR\n    echo \"error: The sandbox is not in sync with the Podfile.lock. Run 'pod install' or update your CocoaPods installation.\" >&2\n    exit 1\nfi\n# This output is used by Xcode 'outputs' to avoid re-running this script phase.\necho \"SUCCESS\" > \"${SCRIPT_OUTPUT_FILE_0}\"\n";
			showEnvVarsInLog = 0;
		};
		8B65F3EC4501729D8941FD14 /* [CP] Check Pods Manifest.lock */ = {
			isa = PBXShellScriptBuildPhase;
			buildActionMask = 2147483647;
			files = (
			);
			inputFileListPaths = (
			);
			inputPaths = (
				"${PODS_PODFILE_DIR_PATH}/Podfile.lock",
				"${PODS_ROOT}/Manifest.lock",
			);
			name = "[CP] Check Pods Manifest.lock";
			outputFileListPaths = (
			);
			outputPaths = (
				"$(DERIVED_FILE_DIR)/Pods-kylWCDBSwiftDemo-checkManifestLockResult.txt",
			);
			runOnlyForDeploymentPostprocessing = 0;
			shellPath = /bin/sh;
			shellScript = "diff \"${PODS_PODFILE_DIR_PATH}/Podfile.lock\" \"${PODS_ROOT}/Manifest.lock\" > /dev/null\nif [ $? != 0 ] ; then\n    # print error to STDERR\n    echo \"error: The sandbox is not in sync with the Podfile.lock. Run 'pod install' or update your CocoaPods installation.\" >&2\n    exit 1\nfi\n# This output is used by Xcode 'outputs' to avoid re-running this script phase.\necho \"SUCCESS\" > \"${SCRIPT_OUTPUT_FILE_0}\"\n";
			showEnvVarsInLog = 0;
		};
		DF65937D177F5C2B355F9101 /* [CP] Check Pods Manifest.lock */ = {
			isa = PBXShellScriptBuildPhase;
			buildActionMask = 2147483647;
			files = (
			);
			inputFileListPaths = (
			);
			inputPaths = (
				"${PODS_PODFILE_DIR_PATH}/Podfile.lock",
				"${PODS_ROOT}/Manifest.lock",
			);
			name = "[CP] Check Pods Manifest.lock";
			outputFileListPaths = (
			);
			outputPaths = (
				"$(DERIVED_FILE_DIR)/Pods-kylWCDBSwiftDemoUITests-checkManifestLockResult.txt",
			);
			runOnlyForDeploymentPostprocessing = 0;
			shellPath = /bin/sh;
			shellScript = "diff \"${PODS_PODFILE_DIR_PATH}/Podfile.lock\" \"${PODS_ROOT}/Manifest.lock\" > /dev/null\nif [ $? != 0 ] ; then\n    # print error to STDERR\n    echo \"error: The sandbox is not in sync with the Podfile.lock. Run 'pod install' or update your CocoaPods installation.\" >&2\n    exit 1\nfi\n# This output is used by Xcode 'outputs' to avoid re-running this script phase.\necho \"SUCCESS\" > \"${SCRIPT_OUTPUT_FILE_0}\"\n";
			showEnvVarsInLog = 0;
		};
/* End PBXShellScriptBuildPhase section */

/* Begin PBXSourcesBuildPhase section */
		A5BD6006232776DC00D78BA5 /* Sources */ = {
			isa = PBXSourcesBuildPhase;
			buildActionMask = 2147483647;
			files = (
				A5BD60432327955D00D78BA5 /* KPersonListTableVC.swift in Sources */,
				A5BD603E232778CA00D78BA5 /* KPerson.swift in Sources */,
				A5BD60472327B98700D78BA5 /* KTestWCDBVC.swift in Sources */,
				A5BD600E232776DC00D78BA5 /* AppDelegate.swift in Sources */,
				A5BD604023277B8D00D78BA5 /* KDBManager.swift in Sources */,
				A5C54BCA2328DDB700A2E4A6 /* Sample.swift in Sources */,
				A5BD60452327957D00D78BA5 /* KAddPersonVC.swift in Sources */,
			);
			runOnlyForDeploymentPostprocessing = 0;
		};
		A5BD601A232776DE00D78BA5 /* Sources */ = {
			isa = PBXSourcesBuildPhase;
			buildActionMask = 2147483647;
			files = (
				A5BD6023232776DE00D78BA5 /* kylWCDBSwiftDemoTests.swift in Sources */,
			);
			runOnlyForDeploymentPostprocessing = 0;
		};
		A5BD6025232776DE00D78BA5 /* Sources */ = {
			isa = PBXSourcesBuildPhase;
			buildActionMask = 2147483647;
			files = (
				A5BD602E232776DE00D78BA5 /* kylWCDBSwiftDemoUITests.swift in Sources */,
			);
			runOnlyForDeploymentPostprocessing = 0;
		};
/* End PBXSourcesBuildPhase section */

/* Begin PBXTargetDependency section */
		A5BD6020232776DE00D78BA5 /* PBXTargetDependency */ = {
			isa = PBXTargetDependency;
			target = A5BD6009232776DC00D78BA5 /* kylWCDBSwiftDemo */;
			targetProxy = A5BD601F232776DE00D78BA5 /* PBXContainerItemProxy */;
		};
		A5BD602B232776DE00D78BA5 /* PBXTargetDependency */ = {
			isa = PBXTargetDependency;
			target = A5BD6009232776DC00D78BA5 /* kylWCDBSwiftDemo */;
			targetProxy = A5BD602A232776DE00D78BA5 /* PBXContainerItemProxy */;
		};
/* End PBXTargetDependency section */

/* Begin PBXVariantGroup section */
		A5BD6011232776DC00D78BA5 /* Main.storyboard */ = {
			isa = PBXVariantGroup;
			children = (
				A5BD6012232776DC00D78BA5 /* Base */,
			);
			name = Main.storyboard;
			sourceTree = "<group>";
		};
		A5BD6016232776DE00D78BA5 /* LaunchScreen.storyboard */ = {
			isa = PBXVariantGroup;
			children = (
				A5BD6017232776DE00D78BA5 /* Base */,
			);
			name = LaunchScreen.storyboard;
			sourceTree = "<group>";
		};
/* End PBXVariantGroup section */

/* Begin XCBuildConfiguration section */
		A5BD6030232776DE00D78BA5 /* Debug */ = {
			isa = XCBuildConfiguration;
			buildSettings = {
				ALWAYS_SEARCH_USER_PATHS = NO;
				CLANG_ANALYZER_NONNULL = YES;
				CLANG_ANALYZER_NUMBER_OBJECT_CONVERSION = YES_AGGRESSIVE;
				CLANG_CXX_LANGUAGE_STANDARD = "gnu++14";
				CLANG_CXX_LIBRARY = "libc++";
				CLANG_ENABLE_MODULES = YES;
				CLANG_ENABLE_OBJC_ARC = YES;
				CLANG_ENABLE_OBJC_WEAK = YES;
				CLANG_WARN_BLOCK_CAPTURE_AUTORELEASING = YES;
				CLANG_WARN_BOOL_CONVERSION = YES;
				CLANG_WARN_COMMA = YES;
				CLANG_WARN_CONSTANT_CONVERSION = YES;
				CLANG_WARN_DEPRECATED_OBJC_IMPLEMENTATIONS = YES;
				CLANG_WARN_DIRECT_OBJC_ISA_USAGE = YES_ERROR;
				CLANG_WARN_DOCUMENTATION_COMMENTS = YES;
				CLANG_WARN_EMPTY_BODY = YES;
				CLANG_WARN_ENUM_CONVERSION = YES;
				CLANG_WARN_INFINITE_RECURSION = YES;
				CLANG_WARN_INT_CONVERSION = YES;
				CLANG_WARN_NON_LITERAL_NULL_CONVERSION = YES;
				CLANG_WARN_OBJC_IMPLICIT_RETAIN_SELF = YES;
				CLANG_WARN_OBJC_LITERAL_CONVERSION = YES;
				CLANG_WARN_OBJC_ROOT_CLASS = YES_ERROR;
				CLANG_WARN_RANGE_LOOP_ANALYSIS = YES;
				CLANG_WARN_STRICT_PROTOTYPES = YES;
				CLANG_WARN_SUSPICIOUS_MOVE = YES;
				CLANG_WARN_UNGUARDED_AVAILABILITY = YES_AGGRESSIVE;
				CLANG_WARN_UNREACHABLE_CODE = YES;
				CLANG_WARN__DUPLICATE_METHOD_MATCH = YES;
				CODE_SIGN_IDENTITY = "iPhone Developer";
				COPY_PHASE_STRIP = NO;
				DEBUG_INFORMATION_FORMAT = dwarf;
				ENABLE_STRICT_OBJC_MSGSEND = YES;
				ENABLE_TESTABILITY = YES;
				GCC_C_LANGUAGE_STANDARD = gnu11;
				GCC_DYNAMIC_NO_PIC = NO;
				GCC_NO_COMMON_BLOCKS = YES;
				GCC_OPTIMIZATION_LEVEL = 0;
				GCC_PREPROCESSOR_DEFINITIONS = (
					"DEBUG=1",
					"$(inherited)",
				);
				GCC_WARN_64_TO_32_BIT_CONVERSION = YES;
				GCC_WARN_ABOUT_RETURN_TYPE = YES_ERROR;
				GCC_WARN_UNDECLARED_SELECTOR = YES;
				GCC_WARN_UNINITIALIZED_AUTOS = YES_AGGRESSIVE;
				GCC_WARN_UNUSED_FUNCTION = YES;
				GCC_WARN_UNUSED_VARIABLE = YES;
				IPHONEOS_DEPLOYMENT_TARGET = 12.2;
				MTL_ENABLE_DEBUG_INFO = INCLUDE_SOURCE;
				MTL_FAST_MATH = YES;
				ONLY_ACTIVE_ARCH = YES;
				SDKROOT = iphoneos;
				SWIFT_ACTIVE_COMPILATION_CONDITIONS = DEBUG;
				SWIFT_OPTIMIZATION_LEVEL = "-Onone";
			};
			name = Debug;
		};
		A5BD6031232776DE00D78BA5 /* Release */ = {
			isa = XCBuildConfiguration;
			buildSettings = {
				ALWAYS_SEARCH_USER_PATHS = NO;
				CLANG_ANALYZER_NONNULL = YES;
				CLANG_ANALYZER_NUMBER_OBJECT_CONVERSION = YES_AGGRESSIVE;
				CLANG_CXX_LANGUAGE_STANDARD = "gnu++14";
				CLANG_CXX_LIBRARY = "libc++";
				CLANG_ENABLE_MODULES = YES;
				CLANG_ENABLE_OBJC_ARC = YES;
				CLANG_ENABLE_OBJC_WEAK = YES;
				CLANG_WARN_BLOCK_CAPTURE_AUTORELEASING = YES;
				CLANG_WARN_BOOL_CONVERSION = YES;
				CLANG_WARN_COMMA = YES;
				CLANG_WARN_CONSTANT_CONVERSION = YES;
				CLANG_WARN_DEPRECATED_OBJC_IMPLEMENTATIONS = YES;
				CLANG_WARN_DIRECT_OBJC_ISA_USAGE = YES_ERROR;
				CLANG_WARN_DOCUMENTATION_COMMENTS = YES;
				CLANG_WARN_EMPTY_BODY = YES;
				CLANG_WARN_ENUM_CONVERSION = YES;
				CLANG_WARN_INFINITE_RECURSION = YES;
				CLANG_WARN_INT_CONVERSION = YES;
				CLANG_WARN_NON_LITERAL_NULL_CONVERSION = YES;
				CLANG_WARN_OBJC_IMPLICIT_RETAIN_SELF = YES;
				CLANG_WARN_OBJC_LITERAL_CONVERSION = YES;
				CLANG_WARN_OBJC_ROOT_CLASS = YES_ERROR;
				CLANG_WARN_RANGE_LOOP_ANALYSIS = YES;
				CLANG_WARN_STRICT_PROTOTYPES = YES;
				CLANG_WARN_SUSPICIOUS_MOVE = YES;
				CLANG_WARN_UNGUARDED_AVAILABILITY = YES_AGGRESSIVE;
				CLANG_WARN_UNREACHABLE_CODE = YES;
				CLANG_WARN__DUPLICATE_METHOD_MATCH = YES;
				CODE_SIGN_IDENTITY = "iPhone Developer";
				COPY_PHASE_STRIP = NO;
				DEBUG_INFORMATION_FORMAT = "dwarf-with-dsym";
				ENABLE_NS_ASSERTIONS = NO;
				ENABLE_STRICT_OBJC_MSGSEND = YES;
				GCC_C_LANGUAGE_STANDARD = gnu11;
				GCC_NO_COMMON_BLOCKS = YES;
				GCC_WARN_64_TO_32_BIT_CONVERSION = YES;
				GCC_WARN_ABOUT_RETURN_TYPE = YES_ERROR;
				GCC_WARN_UNDECLARED_SELECTOR = YES;
				GCC_WARN_UNINITIALIZED_AUTOS = YES_AGGRESSIVE;
				GCC_WARN_UNUSED_FUNCTION = YES;
				GCC_WARN_UNUSED_VARIABLE = YES;
				IPHONEOS_DEPLOYMENT_TARGET = 12.2;
				MTL_ENABLE_DEBUG_INFO = NO;
				MTL_FAST_MATH = YES;
				SDKROOT = iphoneos;
				SWIFT_COMPILATION_MODE = wholemodule;
				SWIFT_OPTIMIZATION_LEVEL = "-O";
				VALIDATE_PRODUCT = YES;
			};
			name = Release;
		};
		A5BD6033232776DE00D78BA5 /* Debug */ = {
			isa = XCBuildConfiguration;
			baseConfigurationReference = 7777793CD8D3F0E1745C5A84 /* Pods-kylWCDBSwiftDemo.debug.xcconfig */;
			buildSettings = {
				ASSETCATALOG_COMPILER_APPICON_NAME = AppIcon;
				CODE_SIGN_STYLE = Automatic;
				DEVELOPMENT_TEAM = GLWCRSS83U;
				INFOPLIST_FILE = kylWCDBSwiftDemo/Info.plist;
				IPHONEOS_DEPLOYMENT_TARGET = 10.0;
				LD_RUNPATH_SEARCH_PATHS = (
					"$(inherited)",
					"@executable_path/Frameworks",
				);
				PRODUCT_BUNDLE_IDENTIFIER = com.wswy.l05.kylWCDBSwiftDemo;
				PRODUCT_NAME = "$(TARGET_NAME)";
				SWIFT_VERSION = 5.0;
				TARGETED_DEVICE_FAMILY = "1,2";
			};
			name = Debug;
		};
		A5BD6034232776DE00D78BA5 /* Release */ = {
			isa = XCBuildConfiguration;
			baseConfigurationReference = 73B3BD9590F4FA07C97B3FC2 /* Pods-kylWCDBSwiftDemo.release.xcconfig */;
			buildSettings = {
				ASSETCATALOG_COMPILER_APPICON_NAME = AppIcon;
				CODE_SIGN_STYLE = Automatic;
				DEVELOPMENT_TEAM = GLWCRSS83U;
				INFOPLIST_FILE = kylWCDBSwiftDemo/Info.plist;
				IPHONEOS_DEPLOYMENT_TARGET = 10.0;
				LD_RUNPATH_SEARCH_PATHS = (
					"$(inherited)",
					"@executable_path/Frameworks",
				);
				PRODUCT_BUNDLE_IDENTIFIER = com.wswy.l05.kylWCDBSwiftDemo;
				PRODUCT_NAME = "$(TARGET_NAME)";
				SWIFT_VERSION = 5.0;
				TARGETED_DEVICE_FAMILY = "1,2";
			};
			name = Release;
		};
		A5BD6036232776DE00D78BA5 /* Debug */ = {
			isa = XCBuildConfiguration;
			baseConfigurationReference = B71FA6EF414421CC581AF705 /* Pods-kylWCDBSwiftDemoTests.debug.xcconfig */;
			buildSettings = {
				ALWAYS_EMBED_SWIFT_STANDARD_LIBRARIES = YES;
				BUNDLE_LOADER = "$(TEST_HOST)";
				CODE_SIGN_STYLE = Automatic;
				DEVELOPMENT_TEAM = GLWCRSS83U;
				INFOPLIST_FILE = kylWCDBSwiftDemoTests/Info.plist;
				LD_RUNPATH_SEARCH_PATHS = (
					"$(inherited)",
					"@executable_path/Frameworks",
					"@loader_path/Frameworks",
				);
				PRODUCT_BUNDLE_IDENTIFIER = com.wswy.l05.kylWCDBSwiftDemoTests;
				PRODUCT_NAME = "$(TARGET_NAME)";
				SWIFT_VERSION = 5.0;
				TARGETED_DEVICE_FAMILY = "1,2";
				TEST_HOST = "$(BUILT_PRODUCTS_DIR)/kylWCDBSwiftDemo.app/kylWCDBSwiftDemo";
			};
			name = Debug;
		};
		A5BD6037232776DE00D78BA5 /* Release */ = {
			isa = XCBuildConfiguration;
			baseConfigurationReference = DB74E6F7EDDED2E8311C5663 /* Pods-kylWCDBSwiftDemoTests.release.xcconfig */;
			buildSettings = {
				ALWAYS_EMBED_SWIFT_STANDARD_LIBRARIES = YES;
				BUNDLE_LOADER = "$(TEST_HOST)";
				CODE_SIGN_STYLE = Automatic;
				DEVELOPMENT_TEAM = GLWCRSS83U;
				INFOPLIST_FILE = kylWCDBSwiftDemoTests/Info.plist;
				LD_RUNPATH_SEARCH_PATHS = (
					"$(inherited)",
					"@executable_path/Frameworks",
					"@loader_path/Frameworks",
				);
				PRODUCT_BUNDLE_IDENTIFIER = com.wswy.l05.kylWCDBSwiftDemoTests;
				PRODUCT_NAME = "$(TARGET_NAME)";
				SWIFT_VERSION = 5.0;
				TARGETED_DEVICE_FAMILY = "1,2";
				TEST_HOST = "$(BUILT_PRODUCTS_DIR)/kylWCDBSwiftDemo.app/kylWCDBSwiftDemo";
			};
			name = Release;
		};
		A5BD6039232776DE00D78BA5 /* Debug */ = {
			isa = XCBuildConfiguration;
			baseConfigurationReference = A7F53D72B156769C1CBB314C /* Pods-kylWCDBSwiftDemoUITests.debug.xcconfig */;
			buildSettings = {
				ALWAYS_EMBED_SWIFT_STANDARD_LIBRARIES = YES;
				CODE_SIGN_STYLE = Automatic;
				DEVELOPMENT_TEAM = GLWCRSS83U;
				INFOPLIST_FILE = kylWCDBSwiftDemoUITests/Info.plist;
				LD_RUNPATH_SEARCH_PATHS = (
					"$(inherited)",
					"@executable_path/Frameworks",
					"@loader_path/Frameworks",
				);
				PRODUCT_BUNDLE_IDENTIFIER = com.wswy.l05.kylWCDBSwiftDemoUITests;
				PRODUCT_NAME = "$(TARGET_NAME)";
				SWIFT_VERSION = 5.0;
				TARGETED_DEVICE_FAMILY = "1,2";
				TEST_TARGET_NAME = kylWCDBSwiftDemo;
			};
			name = Debug;
		};
		A5BD603A232776DE00D78BA5 /* Release */ = {
			isa = XCBuildConfiguration;
			baseConfigurationReference = 0E33908D990A1B7BCB09163F /* Pods-kylWCDBSwiftDemoUITests.release.xcconfig */;
			buildSettings = {
				ALWAYS_EMBED_SWIFT_STANDARD_LIBRARIES = YES;
				CODE_SIGN_STYLE = Automatic;
				DEVELOPMENT_TEAM = GLWCRSS83U;
				INFOPLIST_FILE = kylWCDBSwiftDemoUITests/Info.plist;
				LD_RUNPATH_SEARCH_PATHS = (
					"$(inherited)",
					"@executable_path/Frameworks",
					"@loader_path/Frameworks",
				);
				PRODUCT_BUNDLE_IDENTIFIER = com.wswy.l05.kylWCDBSwiftDemoUITests;
				PRODUCT_NAME = "$(TARGET_NAME)";
				SWIFT_VERSION = 5.0;
				TARGETED_DEVICE_FAMILY = "1,2";
				TEST_TARGET_NAME = kylWCDBSwiftDemo;
			};
			name = Release;
		};
/* End XCBuildConfiguration section */

/* Begin XCConfigurationList section */
		A5BD6005232776DC00D78BA5 /* Build configuration list for PBXProject "kylWCDBSwiftDemo" */ = {
			isa = XCConfigurationList;
			buildConfigurations = (
				A5BD6030232776DE00D78BA5 /* Debug */,
				A5BD6031232776DE00D78BA5 /* Release */,
			);
			defaultConfigurationIsVisible = 0;
			defaultConfigurationName = Release;
		};
		A5BD6032232776DE00D78BA5 /* Build configuration list for PBXNativeTarget "kylWCDBSwiftDemo" */ = {
			isa = XCConfigurationList;
			buildConfigurations = (
				A5BD6033232776DE00D78BA5 /* Debug */,
				A5BD6034232776DE00D78BA5 /* Release */,
			);
			defaultConfigurationIsVisible = 0;
			defaultConfigurationName = Release;
		};
		A5BD6035232776DE00D78BA5 /* Build configuration list for PBXNativeTarget "kylWCDBSwiftDemoTests" */ = {
			isa = XCConfigurationList;
			buildConfigurations = (
				A5BD6036232776DE00D78BA5 /* Debug */,
				A5BD6037232776DE00D78BA5 /* Release */,
			);
			defaultConfigurationIsVisible = 0;
			defaultConfigurationName = Release;
		};
		A5BD6038232776DE00D78BA5 /* Build configuration list for PBXNativeTarget "kylWCDBSwiftDemoUITests" */ = {
			isa = XCConfigurationList;
			buildConfigurations = (
				A5BD6039232776DE00D78BA5 /* Debug */,
				A5BD603A232776DE00D78BA5 /* Release */,
			);
			defaultConfigurationIsVisible = 0;
			defaultConfigurationName = Release;
		};
/* End XCConfigurationList section */
	};
	rootObject = A5BD6002232776DC00D78BA5 /* Project object */;
}
