// !$*UTF8*$!
{
	archiveVersion = 1;
	classes = {
	};
	objectVersion = 51;
	objects = {

/* Begin PBXBuildFile section */
		A5299A3A2310C2D40024E29A /* KCTestMemoryViewController.swift in Sources */ = {isa = PBXBuildFile; fileRef = A5299A392310C2D40024E29A /* KCTestMemoryViewController.swift */; };
		A5299A3D2310C57E0024E29A /* KTestKVOVC.swift in Sources */ = {isa = PBXBuildFile; fileRef = A5299A3C2310C57E0024E29A /* KTestKVOVC.swift */; };
		A5299A3F2310C5D40024E29A /* KTestModel.swift in Sources */ = {isa = PBXBuildFile; fileRef = A5299A3E2310C5D40024E29A /* KTestModel.swift */; };
		A5299A412310C6DE0024E29A /* KCProxy.swift in Sources */ = {isa = PBXBuildFile; fileRef = A5299A402310C6DE0024E29A /* KCProxy.swift */; };
		A5299A432310C72F0024E29A /* KTestProxyVC.swift in Sources */ = {isa = PBXBuildFile; fileRef = A5299A422310C72F0024E29A /* KTestProxyVC.swift */; };
		A5299A4A2310C97A0024E29A /* KCTestBinderVC.swift in Sources */ = {isa = PBXBuildFile; fileRef = A5299A482310C97A0024E29A /* KCTestBinderVC.swift */; };
		A5299A4B2310C97A0024E29A /* KCTestBinderVC.xib in Resources */ = {isa = PBXBuildFile; fileRef = A5299A492310C97A0024E29A /* KCTestBinderVC.xib */; };
		A5299A4E2310CC950024E29A /* KTestHigherFunctionVC.swift in Sources */ = {isa = PBXBuildFile; fileRef = A5299A4C2310CC950024E29A /* KTestHigherFunctionVC.swift */; };
		A5299A4F2310CC950024E29A /* KTestHigherFunctionVC.xib in Resources */ = {isa = PBXBuildFile; fileRef = A5299A4D2310CC950024E29A /* KTestHigherFunctionVC.xib */; };
		A5299A522310D14D0024E29A /* KRxTextFieldTestVC.swift in Sources */ = {isa = PBXBuildFile; fileRef = A5299A502310D14D0024E29A /* KRxTextFieldTestVC.swift */; };
		A5299A532310D14D0024E29A /* KRxTextFieldTestVC.xib in Resources */ = {isa = PBXBuildFile; fileRef = A5299A512310D14D0024E29A /* KRxTextFieldTestVC.xib */; };
		A5299A562310F22F0024E29A /* KTVPhotoCell.swift in Sources */ = {isa = PBXBuildFile; fileRef = A5299A552310F22F0024E29A /* KTVPhotoCell.swift */; };
		A5299A582310F2600024E29A /* KTVTableViewCell.swift in Sources */ = {isa = PBXBuildFile; fileRef = A5299A572310F2600024E29A /* KTVTableViewCell.swift */; };
		A5299A5D2310F2AC0024E29A /* KTVModel.swift in Sources */ = {isa = PBXBuildFile; fileRef = A5299A5C2310F2AC0024E29A /* KTVModel.swift */; };
		A5299A5F2310F2BD0024E29A /* KTVCacheManager.swift in Sources */ = {isa = PBXBuildFile; fileRef = A5299A5E2310F2BD0024E29A /* KTVCacheManager.swift */; };
		A5299A612310F2D30024E29A /* UIImage+Compound.swift in Sources */ = {isa = PBXBuildFile; fileRef = A5299A602310F2D30024E29A /* UIImage+Compound.swift */; };
		A5299A632310F2E50024E29A /* KTVTestVC.swift in Sources */ = {isa = PBXBuildFile; fileRef = A5299A622310F2E50024E29A /* KTVTestVC.swift */; };
		A5299A652310F3030024E29A /* KTVDetailVC.swift in Sources */ = {isa = PBXBuildFile; fileRef = A5299A642310F3030024E29A /* KTVDetailVC.swift */; };
		A5299A672310F3290024E29A /* KTVPhotoListVC.swift in Sources */ = {isa = PBXBuildFile; fileRef = A5299A662310F3290024E29A /* KTVPhotoListVC.swift */; };
		A5299A6A2310F5F70024E29A /* KRxRegisterTestVC.swift in Sources */ = {isa = PBXBuildFile; fileRef = A5299A682310F5F70024E29A /* KRxRegisterTestVC.swift */; };
		A5299A6B2310F5F70024E29A /* KRxRegisterTestVC.xib in Resources */ = {isa = PBXBuildFile; fileRef = A5299A692310F5F70024E29A /* KRxRegisterTestVC.xib */; };
		A5299A6D2310F66B0024E29A /* KDataPickerValidator.swift in Sources */ = {isa = PBXBuildFile; fileRef = A5299A6C2310F66B0024E29A /* KDataPickerValidator.swift */; };
		A5299A6F231108040024E29A /* KTVDetailVC.xib in Resources */ = {isa = PBXBuildFile; fileRef = A5299A6E231108040024E29A /* KTVDetailVC.xib */; };
		A5299A76231108B10024E29A /* KTVDetailTableVC.swift in Sources */ = {isa = PBXBuildFile; fileRef = A5299A74231108B10024E29A /* KTVDetailTableVC.swift */; };
		A5299A77231108B10024E29A /* KTVDetailTableVC.xib in Resources */ = {isa = PBXBuildFile; fileRef = A5299A75231108B10024E29A /* KTVDetailTableVC.xib */; };
		A5482E99230D18F800AF7693 /* AppDelegate.swift in Sources */ = {isa = PBXBuildFile; fileRef = A5482E98230D18F800AF7693 /* AppDelegate.swift */; };
		A5482E9E230D18F800AF7693 /* Main.storyboard in Resources */ = {isa = PBXBuildFile; fileRef = A5482E9C230D18F800AF7693 /* Main.storyboard */; };
		A5482EA1230D18F800AF7693 /* kylRxMemoryDemo.xcdatamodeld in Sources */ = {isa = PBXBuildFile; fileRef = A5482E9F230D18F800AF7693 /* kylRxMemoryDemo.xcdatamodeld */; };
		A5482EA3230D18F900AF7693 /* Assets.xcassets in Resources */ = {isa = PBXBuildFile; fileRef = A5482EA2230D18F900AF7693 /* Assets.xcassets */; };
		A5482EA6230D18F900AF7693 /* LaunchScreen.storyboard in Resources */ = {isa = PBXBuildFile; fileRef = A5482EA4230D18F900AF7693 /* LaunchScreen.storyboard */; };
		A5482EB1230D18F900AF7693 /* kylRxMemoryDemoTests.swift in Sources */ = {isa = PBXBuildFile; fileRef = A5482EB0230D18F900AF7693 /* kylRxMemoryDemoTests.swift */; };
		A5482EBC230D18F900AF7693 /* kylRxMemoryDemoUITests.swift in Sources */ = {isa = PBXBuildFile; fileRef = A5482EBB230D18F900AF7693 /* kylRxMemoryDemoUITests.swift */; };
		A5482ED0230D1A7000AF7693 /* KCTableViewCell.swift in Sources */ = {isa = PBXBuildFile; fileRef = A5482ECB230D1A7000AF7693 /* KCTableViewCell.swift */; };
		A5482ED1230D1A7000AF7693 /* KCTableViewController.swift in Sources */ = {isa = PBXBuildFile; fileRef = A5482ECC230D1A7000AF7693 /* KCTableViewController.swift */; };
		A5482ED2230D1A7000AF7693 /* KPerson.swift in Sources */ = {isa = PBXBuildFile; fileRef = A5482ECD230D1A7000AF7693 /* KPerson.swift */; };
		A5482ED3230D1A7000AF7693 /* KCDetailViewController.swift in Sources */ = {isa = PBXBuildFile; fileRef = A5482ECE230D1A7000AF7693 /* KCDetailViewController.swift */; };
		A5482ED4230D1A7000AF7693 /* KCHomeViewController.swift in Sources */ = {isa = PBXBuildFile; fileRef = A5482ECF230D1A7000AF7693 /* KCHomeViewController.swift */; };
		A5482EDF230D1BC900AF7693 /* KYLWebViewVC.swift in Sources */ = {isa = PBXBuildFile; fileRef = A5482EDB230D1BC900AF7693 /* KYLWebViewVC.swift */; };
		A5482EE0230D1BC900AF7693 /* test.html in Resources */ = {isa = PBXBuildFile; fileRef = A5482EDD230D1BC900AF7693 /* test.html */; };
		A5482EE1230D1BC900AF7693 /* KYLJSApiTest.swift in Sources */ = {isa = PBXBuildFile; fileRef = A5482EDE230D1BC900AF7693 /* KYLJSApiTest.swift */; };
		A5482EE4230D1BD400AF7693 /* SwiftyFitsize.swift in Sources */ = {isa = PBXBuildFile; fileRef = A5482EE2230D1BD400AF7693 /* SwiftyFitsize.swift */; };
		A5482EE5230D1BD400AF7693 /* KLayout.swift in Sources */ = {isa = PBXBuildFile; fileRef = A5482EE3230D1BD400AF7693 /* KLayout.swift */; };
		A5482EE8230D1BE200AF7693 /* KYLFPSLabel.swift in Sources */ = {isa = PBXBuildFile; fileRef = A5482EE6230D1BE200AF7693 /* KYLFPSLabel.swift */; };
		A5482EE9230D1BE200AF7693 /* KYLCornerCutter.swift in Sources */ = {isa = PBXBuildFile; fileRef = A5482EE7230D1BE200AF7693 /* KYLCornerCutter.swift */; };
		A5F665C6230E7DBE0010F1AD /* KYLTagView.swift in Sources */ = {isa = PBXBuildFile; fileRef = A5F665C5230E7DBE0010F1AD /* KYLTagView.swift */; };
		A5F665C8230E7DD90010F1AD /* KYLTagField.swift in Sources */ = {isa = PBXBuildFile; fileRef = A5F665C7230E7DD90010F1AD /* KYLTagField.swift */; };
		A5F665CD230E8EFA0010F1AD /* KTestTagViewController.swift in Sources */ = {isa = PBXBuildFile; fileRef = A5F665CC230E8EFA0010F1AD /* KTestTagViewController.swift */; };
		A5F665D1230E950A0010F1AD /* RxFirstTableViewController.swift in Sources */ = {isa = PBXBuildFile; fileRef = A5F665D0230E950A0010F1AD /* RxFirstTableViewController.swift */; };
		A5F665D3230E95390010F1AD /* RxSecondViewController.swift in Sources */ = {isa = PBXBuildFile; fileRef = A5F665D2230E95390010F1AD /* RxSecondViewController.swift */; };
		A5F665D5230E971D0010F1AD /* KTestTagTableVC.swift in Sources */ = {isa = PBXBuildFile; fileRef = A5F665D4230E971D0010F1AD /* KTestTagTableVC.swift */; };
		E411B89A3CDF240A54C4BCAD /* Pods_kylRxMemoryDemo.framework in Frameworks */ = {isa = PBXBuildFile; fileRef = DFD9DAF87E09B872FF6D2E27 /* Pods_kylRxMemoryDemo.framework */; };
/* End PBXBuildFile section */

/* Begin PBXContainerItemProxy section */
		A5482EAD230D18F900AF7693 /* PBXContainerItemProxy */ = {
			isa = PBXContainerItemProxy;
			containerPortal = A5482E8D230D18F800AF7693 /* Project object */;
			proxyType = 1;
			remoteGlobalIDString = A5482E94230D18F800AF7693;
			remoteInfo = kylRxMemoryDemo;
		};
		A5482EB8230D18F900AF7693 /* PBXContainerItemProxy */ = {
			isa = PBXContainerItemProxy;
			containerPortal = A5482E8D230D18F800AF7693 /* Project object */;
			proxyType = 1;
			remoteGlobalIDString = A5482E94230D18F800AF7693;
			remoteInfo = kylRxMemoryDemo;
		};
/* End PBXContainerItemProxy section */

/* Begin PBXFileReference section */
		10FB71694B560F97634EB9FB /* Pods-kylRxMemoryDemo.debug.xcconfig */ = {isa = PBXFileReference; includeInIndex = 1; lastKnownFileType = text.xcconfig; name = "Pods-kylRxMemoryDemo.debug.xcconfig"; path = "Target Support Files/Pods-kylRxMemoryDemo/Pods-kylRxMemoryDemo.debug.xcconfig"; sourceTree = "<group>"; };
		7D12B7A76C92946E2B3192A1 /* Pods-kylRxMemoryDemo.release.xcconfig */ = {isa = PBXFileReference; includeInIndex = 1; lastKnownFileType = text.xcconfig; name = "Pods-kylRxMemoryDemo.release.xcconfig"; path = "Target Support Files/Pods-kylRxMemoryDemo/Pods-kylRxMemoryDemo.release.xcconfig"; sourceTree = "<group>"; };
		A5299A392310C2D40024E29A /* KCTestMemoryViewController.swift */ = {isa = PBXFileReference; lastKnownFileType = sourcecode.swift; path = KCTestMemoryViewController.swift; sourceTree = "<group>"; };
		A5299A3C2310C57E0024E29A /* KTestKVOVC.swift */ = {isa = PBXFileReference; lastKnownFileType = sourcecode.swift; path = KTestKVOVC.swift; sourceTree = "<group>"; };
		A5299A3E2310C5D40024E29A /* KTestModel.swift */ = {isa = PBXFileReference; lastKnownFileType = sourcecode.swift; path = KTestModel.swift; sourceTree = "<group>"; };
		A5299A402310C6DE0024E29A /* KCProxy.swift */ = {isa = PBXFileReference; lastKnownFileType = sourcecode.swift; path = KCProxy.swift; sourceTree = "<group>"; };
		A5299A422310C72F0024E29A /* KTestProxyVC.swift */ = {isa = PBXFileReference; lastKnownFileType = sourcecode.swift; path = KTestProxyVC.swift; sourceTree = "<group>"; };
		A5299A482310C97A0024E29A /* KCTestBinderVC.swift */ = {isa = PBXFileReference; lastKnownFileType = sourcecode.swift; path = KCTestBinderVC.swift; sourceTree = "<group>"; };
		A5299A492310C97A0024E29A /* KCTestBinderVC.xib */ = {isa = PBXFileReference; lastKnownFileType = file.xib; path = KCTestBinderVC.xib; sourceTree = "<group>"; };
		A5299A4C2310CC950024E29A /* KTestHigherFunctionVC.swift */ = {isa = PBXFileReference; lastKnownFileType = sourcecode.swift; path = KTestHigherFunctionVC.swift; sourceTree = "<group>"; };
		A5299A4D2310CC950024E29A /* KTestHigherFunctionVC.xib */ = {isa = PBXFileReference; lastKnownFileType = file.xib; path = KTestHigherFunctionVC.xib; sourceTree = "<group>"; };
		A5299A502310D14D0024E29A /* KRxTextFieldTestVC.swift */ = {isa = PBXFileReference; lastKnownFileType = sourcecode.swift; path = KRxTextFieldTestVC.swift; sourceTree = "<group>"; };
		A5299A512310D14D0024E29A /* KRxTextFieldTestVC.xib */ = {isa = PBXFileReference; lastKnownFileType = file.xib; path = KRxTextFieldTestVC.xib; sourceTree = "<group>"; };
		A5299A552310F22F0024E29A /* KTVPhotoCell.swift */ = {isa = PBXFileReference; lastKnownFileType = sourcecode.swift; path = KTVPhotoCell.swift; sourceTree = "<group>"; };
		A5299A572310F2600024E29A /* KTVTableViewCell.swift */ = {isa = PBXFileReference; lastKnownFileType = sourcecode.swift; path = KTVTableViewCell.swift; sourceTree = "<group>"; };
		A5299A5C2310F2AC0024E29A /* KTVModel.swift */ = {isa = PBXFileReference; lastKnownFileType = sourcecode.swift; path = KTVModel.swift; sourceTree = "<group>"; };
		A5299A5E2310F2BD0024E29A /* KTVCacheManager.swift */ = {isa = PBXFileReference; lastKnownFileType = sourcecode.swift; path = KTVCacheManager.swift; sourceTree = "<group>"; };
		A5299A602310F2D30024E29A /* UIImage+Compound.swift */ = {isa = PBXFileReference; lastKnownFileType = sourcecode.swift; path = "UIImage+Compound.swift"; sourceTree = "<group>"; };
		A5299A622310F2E50024E29A /* KTVTestVC.swift */ = {isa = PBXFileReference; lastKnownFileType = sourcecode.swift; path = KTVTestVC.swift; sourceTree = "<group>"; };
		A5299A642310F3030024E29A /* KTVDetailVC.swift */ = {isa = PBXFileReference; lastKnownFileType = sourcecode.swift; path = KTVDetailVC.swift; sourceTree = "<group>"; };
		A5299A662310F3290024E29A /* KTVPhotoListVC.swift */ = {isa = PBXFileReference; lastKnownFileType = sourcecode.swift; path = KTVPhotoListVC.swift; sourceTree = "<group>"; };
		A5299A682310F5F70024E29A /* KRxRegisterTestVC.swift */ = {isa = PBXFileReference; lastKnownFileType = sourcecode.swift; path = KRxRegisterTestVC.swift; sourceTree = "<group>"; };
		A5299A692310F5F70024E29A /* KRxRegisterTestVC.xib */ = {isa = PBXFileReference; lastKnownFileType = file.xib; path = KRxRegisterTestVC.xib; sourceTree = "<group>"; };
		A5299A6C2310F66B0024E29A /* KDataPickerValidator.swift */ = {isa = PBXFileReference; lastKnownFileType = sourcecode.swift; path = KDataPickerValidator.swift; sourceTree = "<group>"; };
		A5299A6E231108040024E29A /* KTVDetailVC.xib */ = {isa = PBXFileReference; lastKnownFileType = file.xib; path = KTVDetailVC.xib; sourceTree = "<group>"; };
		A5299A74231108B10024E29A /* KTVDetailTableVC.swift */ = {isa = PBXFileReference; lastKnownFileType = sourcecode.swift; path = KTVDetailTableVC.swift; sourceTree = "<group>"; };
		A5299A75231108B10024E29A /* KTVDetailTableVC.xib */ = {isa = PBXFileReference; lastKnownFileType = file.xib; path = KTVDetailTableVC.xib; sourceTree = "<group>"; };
		A5482E95230D18F800AF7693 /* kylRxMemoryDemo.app */ = {isa = PBXFileReference; explicitFileType = wrapper.application; includeInIndex = 0; path = kylRxMemoryDemo.app; sourceTree = BUILT_PRODUCTS_DIR; };
		A5482E98230D18F800AF7693 /* AppDelegate.swift */ = {isa = PBXFileReference; lastKnownFileType = sourcecode.swift; path = AppDelegate.swift; sourceTree = "<group>"; };
		A5482E9D230D18F800AF7693 /* Base */ = {isa = PBXFileReference; lastKnownFileType = file.storyboard; name = Base; path = Base.lproj/Main.storyboard; sourceTree = "<group>"; };
		A5482EA0230D18F800AF7693 /* kylRxMemoryDemo.xcdatamodel */ = {isa = PBXFileReference; lastKnownFileType = wrapper.xcdatamodel; path = kylRxMemoryDemo.xcdatamodel; sourceTree = "<group>"; };
		A5482EA2230D18F900AF7693 /* Assets.xcassets */ = {isa = PBXFileReference; lastKnownFileType = folder.assetcatalog; path = Assets.xcassets; sourceTree = "<group>"; };
		A5482EA5230D18F900AF7693 /* Base */ = {isa = PBXFileReference; lastKnownFileType = file.storyboard; name = Base; path = Base.lproj/LaunchScreen.storyboard; sourceTree = "<group>"; };
		A5482EA7230D18F900AF7693 /* Info.plist */ = {isa = PBXFileReference; lastKnownFileType = text.plist.xml; path = Info.plist; sourceTree = "<group>"; };
		A5482EAC230D18F900AF7693 /* kylRxMemoryDemoTests.xctest */ = {isa = PBXFileReference; explicitFileType = wrapper.cfbundle; includeInIndex = 0; path = kylRxMemoryDemoTests.xctest; sourceTree = BUILT_PRODUCTS_DIR; };
		A5482EB0230D18F900AF7693 /* kylRxMemoryDemoTests.swift */ = {isa = PBXFileReference; lastKnownFileType = sourcecode.swift; path = kylRxMemoryDemoTests.swift; sourceTree = "<group>"; };
		A5482EB2230D18F900AF7693 /* Info.plist */ = {isa = PBXFileReference; lastKnownFileType = text.plist.xml; path = Info.plist; sourceTree = "<group>"; };
		A5482EB7230D18F900AF7693 /* kylRxMemoryDemoUITests.xctest */ = {isa = PBXFileReference; explicitFileType = wrapper.cfbundle; includeInIndex = 0; path = kylRxMemoryDemoUITests.xctest; sourceTree = BUILT_PRODUCTS_DIR; };
		A5482EBB230D18F900AF7693 /* kylRxMemoryDemoUITests.swift */ = {isa = PBXFileReference; lastKnownFileType = sourcecode.swift; path = kylRxMemoryDemoUITests.swift; sourceTree = "<group>"; };
		A5482EBD230D18F900AF7693 /* Info.plist */ = {isa = PBXFileReference; lastKnownFileType = text.plist.xml; path = Info.plist; sourceTree = "<group>"; };
		A5482ECB230D1A7000AF7693 /* KCTableViewCell.swift */ = {isa = PBXFileReference; fileEncoding = 4; lastKnownFileType = sourcecode.swift; name = KCTableViewCell.swift; path = "../../../../../003-kylDSbrigeDemo/kyl_DSBrigeDemo/kyl_DSBrigeDemo/rx/recircle/KCTableViewCell.swift"; sourceTree = "<group>"; };
		A5482ECC230D1A7000AF7693 /* KCTableViewController.swift */ = {isa = PBXFileReference; fileEncoding = 4; lastKnownFileType = sourcecode.swift; name = KCTableViewController.swift; path = "../../../../../003-kylDSbrigeDemo/kyl_DSBrigeDemo/kyl_DSBrigeDemo/rx/recircle/KCTableViewController.swift"; sourceTree = "<group>"; };
		A5482ECD230D1A7000AF7693 /* KPerson.swift */ = {isa = PBXFileReference; fileEncoding = 4; lastKnownFileType = sourcecode.swift; name = KPerson.swift; path = "../../../../../003-kylDSbrigeDemo/kyl_DSBrigeDemo/kyl_DSBrigeDemo/rx/recircle/KPerson.swift"; sourceTree = "<group>"; };
		A5482ECE230D1A7000AF7693 /* KCDetailViewController.swift */ = {isa = PBXFileReference; fileEncoding = 4; lastKnownFileType = sourcecode.swift; name = KCDetailViewController.swift; path = "../../../../../003-kylDSbrigeDemo/kyl_DSBrigeDemo/kyl_DSBrigeDemo/rx/recircle/KCDetailViewController.swift"; sourceTree = "<group>"; };
		A5482ECF230D1A7000AF7693 /* KCHomeViewController.swift */ = {isa = PBXFileReference; fileEncoding = 4; lastKnownFileType = sourcecode.swift; name = KCHomeViewController.swift; path = "../../../../../003-kylDSbrigeDemo/kyl_DSBrigeDemo/kyl_DSBrigeDemo/rx/recircle/KCHomeViewController.swift"; sourceTree = "<group>"; };
		A5482EDB230D1BC900AF7693 /* KYLWebViewVC.swift */ = {isa = PBXFileReference; fileEncoding = 4; lastKnownFileType = sourcecode.swift; name = KYLWebViewVC.swift; path = "../../../../003-kylDSbrigeDemo/kyl_DSBrigeDemo/kyl_DSBrigeDemo/dsbrige/KYLWebViewVC.swift"; sourceTree = "<group>"; };
		A5482EDD230D1BC900AF7693 /* test.html */ = {isa = PBXFileReference; fileEncoding = 4; lastKnownFileType = text.html; path = test.html; sourceTree = "<group>"; };
		A5482EDE230D1BC900AF7693 /* KYLJSApiTest.swift */ = {isa = PBXFileReference; fileEncoding = 4; lastKnownFileType = sourcecode.swift; name = KYLJSApiTest.swift; path = "../../../../003-kylDSbrigeDemo/kyl_DSBrigeDemo/kyl_DSBrigeDemo/dsbrige/KYLJSApiTest.swift"; sourceTree = "<group>"; };
		A5482EE2230D1BD400AF7693 /* SwiftyFitsize.swift */ = {isa = PBXFileReference; fileEncoding = 4; lastKnownFileType = sourcecode.swift; path = SwiftyFitsize.swift; sourceTree = "<group>"; };
		A5482EE3230D1BD400AF7693 /* KLayout.swift */ = {isa = PBXFileReference; fileEncoding = 4; lastKnownFileType = sourcecode.swift; path = KLayout.swift; sourceTree = "<group>"; };
		A5482EE6230D1BE200AF7693 /* KYLFPSLabel.swift */ = {isa = PBXFileReference; fileEncoding = 4; lastKnownFileType = sourcecode.swift; name = KYLFPSLabel.swift; path = "../../../../003-kylDSbrigeDemo/kyl_DSBrigeDemo/kyl_DSBrigeDemo/tool/KYLFPSLabel.swift"; sourceTree = "<group>"; };
		A5482EE7230D1BE200AF7693 /* KYLCornerCutter.swift */ = {isa = PBXFileReference; fileEncoding = 4; lastKnownFileType = sourcecode.swift; name = KYLCornerCutter.swift; path = "../../../../003-kylDSbrigeDemo/kyl_DSBrigeDemo/kyl_DSBrigeDemo/tool/KYLCornerCutter.swift"; sourceTree = "<group>"; };
		A5F665C5230E7DBE0010F1AD /* KYLTagView.swift */ = {isa = PBXFileReference; lastKnownFileType = sourcecode.swift; path = KYLTagView.swift; sourceTree = "<group>"; };
		A5F665C7230E7DD90010F1AD /* KYLTagField.swift */ = {isa = PBXFileReference; lastKnownFileType = sourcecode.swift; path = KYLTagField.swift; sourceTree = "<group>"; };
		A5F665CC230E8EFA0010F1AD /* KTestTagViewController.swift */ = {isa = PBXFileReference; lastKnownFileType = sourcecode.swift; path = KTestTagViewController.swift; sourceTree = "<group>"; };
		A5F665D0230E950A0010F1AD /* RxFirstTableViewController.swift */ = {isa = PBXFileReference; lastKnownFileType = sourcecode.swift; path = RxFirstTableViewController.swift; sourceTree = "<group>"; };
		A5F665D2230E95390010F1AD /* RxSecondViewController.swift */ = {isa = PBXFileReference; lastKnownFileType = sourcecode.swift; path = RxSecondViewController.swift; sourceTree = "<group>"; };
		A5F665D4230E971D0010F1AD /* KTestTagTableVC.swift */ = {isa = PBXFileReference; lastKnownFileType = sourcecode.swift; path = KTestTagTableVC.swift; sourceTree = "<group>"; };
		DFD9DAF87E09B872FF6D2E27 /* Pods_kylRxMemoryDemo.framework */ = {isa = PBXFileReference; explicitFileType = wrapper.framework; includeInIndex = 0; path = Pods_kylRxMemoryDemo.framework; sourceTree = BUILT_PRODUCTS_DIR; };
/* End PBXFileReference section */

/* Begin PBXFrameworksBuildPhase section */
		A5482E92230D18F800AF7693 /* Frameworks */ = {
			isa = PBXFrameworksBuildPhase;
			buildActionMask = 2147483647;
			files = (
				E411B89A3CDF240A54C4BCAD /* Pods_kylRxMemoryDemo.framework in Frameworks */,
			);
			runOnlyForDeploymentPostprocessing = 0;
		};
		A5482EA9230D18F900AF7693 /* Frameworks */ = {
			isa = PBXFrameworksBuildPhase;
			buildActionMask = 2147483647;
			files = (
			);
			runOnlyForDeploymentPostprocessing = 0;
		};
		A5482EB4230D18F900AF7693 /* Frameworks */ = {
			isa = PBXFrameworksBuildPhase;
			buildActionMask = 2147483647;
			files = (
			);
			runOnlyForDeploymentPostprocessing = 0;
		};
/* End PBXFrameworksBuildPhase section */

/* Begin PBXGroup section */
		0693C89D4F3F1A8C46315437 /* Pods */ = {
			isa = PBXGroup;
			children = (
				10FB71694B560F97634EB9FB /* Pods-kylRxMemoryDemo.debug.xcconfig */,
				7D12B7A76C92946E2B3192A1 /* Pods-kylRxMemoryDemo.release.xcconfig */,
			);
			path = Pods;
			sourceTree = "<group>";
		};
		473FB1468EC1638A42791BC6 /* Frameworks */ = {
			isa = PBXGroup;
			children = (
				DFD9DAF87E09B872FF6D2E27 /* Pods_kylRxMemoryDemo.framework */,
			);
			name = Frameworks;
			sourceTree = "<group>";
		};
		A5299A3B2310C5480024E29A /* testkvo */ = {
			isa = PBXGroup;
			children = (
				A5299A3C2310C57E0024E29A /* KTestKVOVC.swift */,
				A5299A3E2310C5D40024E29A /* KTestModel.swift */,
				A5299A402310C6DE0024E29A /* KCProxy.swift */,
				A5299A422310C72F0024E29A /* KTestProxyVC.swift */,
			);
			path = testkvo;
			sourceTree = "<group>";
		};
		A5299A442310C7850024E29A /* higher */ = {
			isa = PBXGroup;
			children = (
				A5299A4C2310CC950024E29A /* KTestHigherFunctionVC.swift */,
				A5299A4D2310CC950024E29A /* KTestHigherFunctionVC.xib */,
			);
			path = higher;
			sourceTree = "<group>";
		};
		A5299A452310C91E0024E29A /* binder */ = {
			isa = PBXGroup;
			children = (
				A5299A482310C97A0024E29A /* KCTestBinderVC.swift */,
				A5299A492310C97A0024E29A /* KCTestBinderVC.xib */,
			);
			path = binder;
			sourceTree = "<group>";
		};
		A5299A542310F1E30024E29A /* tableview */ = {
			isa = PBXGroup;
			children = (
				A5299A5B2310F28A0024E29A /* controllers */,
				A5299A5A2310F2820024E29A /* models */,
				A5299A592310F2750024E29A /* views */,
			);
			path = tableview;
			sourceTree = "<group>";
		};
		A5299A592310F2750024E29A /* views */ = {
			isa = PBXGroup;
			children = (
				A5299A552310F22F0024E29A /* KTVPhotoCell.swift */,
				A5299A572310F2600024E29A /* KTVTableViewCell.swift */,
			);
			path = views;
			sourceTree = "<group>";
		};
		A5299A5A2310F2820024E29A /* models */ = {
			isa = PBXGroup;
			children = (
				A5299A5C2310F2AC0024E29A /* KTVModel.swift */,
				A5299A5E2310F2BD0024E29A /* KTVCacheManager.swift */,
				A5299A602310F2D30024E29A /* UIImage+Compound.swift */,
			);
			path = models;
			sourceTree = "<group>";
		};
		A5299A5B2310F28A0024E29A /* controllers */ = {
			isa = PBXGroup;
			children = (
				A5299A622310F2E50024E29A /* KTVTestVC.swift */,
				A5299A642310F3030024E29A /* KTVDetailVC.swift */,
				A5299A662310F3290024E29A /* KTVPhotoListVC.swift */,
				A5299A6E231108040024E29A /* KTVDetailVC.xib */,
				A5299A74231108B10024E29A /* KTVDetailTableVC.swift */,
				A5299A75231108B10024E29A /* KTVDetailTableVC.xib */,
			);
			path = controllers;
			sourceTree = "<group>";
		};
		A5482E8C230D18F800AF7693 = {
			isa = PBXGroup;
			children = (
				A5482E97230D18F800AF7693 /* kylRxMemoryDemo */,
				A5482EAF230D18F900AF7693 /* kylRxMemoryDemoTests */,
				A5482EBA230D18F900AF7693 /* kylRxMemoryDemoUITests */,
				A5482E96230D18F800AF7693 /* Products */,
				0693C89D4F3F1A8C46315437 /* Pods */,
				473FB1468EC1638A42791BC6 /* Frameworks */,
			);
			sourceTree = "<group>";
		};
		A5482E96230D18F800AF7693 /* Products */ = {
			isa = PBXGroup;
			children = (
				A5482E95230D18F800AF7693 /* kylRxMemoryDemo.app */,
				A5482EAC230D18F900AF7693 /* kylRxMemoryDemoTests.xctest */,
				A5482EB7230D18F900AF7693 /* kylRxMemoryDemoUITests.xctest */,
			);
			name = Products;
			sourceTree = "<group>";
		};
		A5482E97230D18F800AF7693 /* kylRxMemoryDemo */ = {
			isa = PBXGroup;
			children = (
				A5F665C4230E7D6D0010F1AD /* tagView */,
				A5482EDA230D1BB200AF7693 /* dsbridge */,
				A5482ED9230D1BA300AF7693 /* fitsize */,
				A5482ED8230D1B9400AF7693 /* extension */,
				A5482ED7230D1B8A00AF7693 /* tools */,
				A5482EC9230D1A4C00AF7693 /* rx */,
				A5482E98230D18F800AF7693 /* AppDelegate.swift */,
				A5482E9C230D18F800AF7693 /* Main.storyboard */,
				A5482EA2230D18F900AF7693 /* Assets.xcassets */,
				A5482EA4230D18F900AF7693 /* LaunchScreen.storyboard */,
				A5482EA7230D18F900AF7693 /* Info.plist */,
				A5482E9F230D18F800AF7693 /* kylRxMemoryDemo.xcdatamodeld */,
				A5F665D0230E950A0010F1AD /* RxFirstTableViewController.swift */,
				A5F665D2230E95390010F1AD /* RxSecondViewController.swift */,
			);
			path = kylRxMemoryDemo;
			sourceTree = "<group>";
		};
		A5482EAF230D18F900AF7693 /* kylRxMemoryDemoTests */ = {
			isa = PBXGroup;
			children = (
				A5482EB0230D18F900AF7693 /* kylRxMemoryDemoTests.swift */,
				A5482EB2230D18F900AF7693 /* Info.plist */,
			);
			path = kylRxMemoryDemoTests;
			sourceTree = "<group>";
		};
		A5482EBA230D18F900AF7693 /* kylRxMemoryDemoUITests */ = {
			isa = PBXGroup;
			children = (
				A5482EBB230D18F900AF7693 /* kylRxMemoryDemoUITests.swift */,
				A5482EBD230D18F900AF7693 /* Info.plist */,
			);
			path = kylRxMemoryDemoUITests;
			sourceTree = "<group>";
		};
		A5482EC9230D1A4C00AF7693 /* rx */ = {
			isa = PBXGroup;
			children = (
				A5299A542310F1E30024E29A /* tableview */,
				A5299A452310C91E0024E29A /* binder */,
				A5299A442310C7850024E29A /* higher */,
				A5299A3B2310C5480024E29A /* testkvo */,
				A5482ED6230D1B6400AF7693 /* ui */,
				A5482ED5230D1B4A00AF7693 /* mvvmdemo */,
				A5482ECA230D1A5B00AF7693 /* testMemory */,
			);
			path = rx;
			sourceTree = "<group>";
		};
		A5482ECA230D1A5B00AF7693 /* testMemory */ = {
			isa = PBXGroup;
			children = (
				A5482ECE230D1A7000AF7693 /* KCDetailViewController.swift */,
				A5482ECF230D1A7000AF7693 /* KCHomeViewController.swift */,
				A5482ECB230D1A7000AF7693 /* KCTableViewCell.swift */,
				A5482ECC230D1A7000AF7693 /* KCTableViewController.swift */,
				A5482ECD230D1A7000AF7693 /* KPerson.swift */,
				A5299A392310C2D40024E29A /* KCTestMemoryViewController.swift */,
			);
			path = testMemory;
			sourceTree = "<group>";
		};
		A5482ED5230D1B4A00AF7693 /* mvvmdemo */ = {
			isa = PBXGroup;
			children = (
			);
			path = mvvmdemo;
			sourceTree = "<group>";
		};
		A5482ED6230D1B6400AF7693 /* ui */ = {
			isa = PBXGroup;
			children = (
				A5299A502310D14D0024E29A /* KRxTextFieldTestVC.swift */,
				A5299A512310D14D0024E29A /* KRxTextFieldTestVC.xib */,
				A5299A682310F5F70024E29A /* KRxRegisterTestVC.swift */,
				A5299A692310F5F70024E29A /* KRxRegisterTestVC.xib */,
				A5299A6C2310F66B0024E29A /* KDataPickerValidator.swift */,
			);
			path = ui;
			sourceTree = "<group>";
		};
		A5482ED7230D1B8A00AF7693 /* tools */ = {
			isa = PBXGroup;
			children = (
				A5482EE7230D1BE200AF7693 /* KYLCornerCutter.swift */,
				A5482EE6230D1BE200AF7693 /* KYLFPSLabel.swift */,
			);
			path = tools;
			sourceTree = "<group>";
		};
		A5482ED8230D1B9400AF7693 /* extension */ = {
			isa = PBXGroup;
			children = (
			);
			path = extension;
			sourceTree = "<group>";
		};
		A5482ED9230D1BA300AF7693 /* fitsize */ = {
			isa = PBXGroup;
			children = (
				A5482EE2230D1BD400AF7693 /* SwiftyFitsize.swift */,
				A5482EE3230D1BD400AF7693 /* KLayout.swift */,
			);
			path = fitsize;
			sourceTree = "<group>";
		};
		A5482EDA230D1BB200AF7693 /* dsbridge */ = {
			isa = PBXGroup;
			children = (
				A5482EDC230D1BC900AF7693 /* html */,
				A5482EDE230D1BC900AF7693 /* KYLJSApiTest.swift */,
				A5482EDB230D1BC900AF7693 /* KYLWebViewVC.swift */,
			);
			path = dsbridge;
			sourceTree = "<group>";
		};
		A5482EDC230D1BC900AF7693 /* html */ = {
			isa = PBXGroup;
			children = (
				A5482EDD230D1BC900AF7693 /* test.html */,
			);
			name = html;
			path = "../../../../003-kylDSbrigeDemo/kyl_DSBrigeDemo/kyl_DSBrigeDemo/dsbrige/html";
			sourceTree = "<group>";
		};
		A5F665C4230E7D6D0010F1AD /* tagView */ = {
			isa = PBXGroup;
			children = (
				A5F665C5230E7DBE0010F1AD /* KYLTagView.swift */,
				A5F665C7230E7DD90010F1AD /* KYLTagField.swift */,
				A5F665CC230E8EFA0010F1AD /* KTestTagViewController.swift */,
				A5F665D4230E971D0010F1AD /* KTestTagTableVC.swift */,
			);
			path = tagView;
			sourceTree = "<group>";
		};
/* End PBXGroup section */

/* Begin PBXNativeTarget section */
		A5482E94230D18F800AF7693 /* kylRxMemoryDemo */ = {
			isa = PBXNativeTarget;
			buildConfigurationList = A5482EC0230D18F900AF7693 /* Build configuration list for PBXNativeTarget "kylRxMemoryDemo" */;
			buildPhases = (
				6DD657AB7A04CC057258E657 /* [CP] Check Pods Manifest.lock */,
				A5482E91230D18F800AF7693 /* Sources */,
				A5482E92230D18F800AF7693 /* Frameworks */,
				A5482E93230D18F800AF7693 /* Resources */,
				94A625B238D86FBC88CFEF78 /* [CP] Embed Pods Frameworks */,
			);
			buildRules = (
			);
			dependencies = (
			);
			name = kylRxMemoryDemo;
			productName = kylRxMemoryDemo;
			productReference = A5482E95230D18F800AF7693 /* kylRxMemoryDemo.app */;
			productType = "com.apple.product-type.application";
		};
		A5482EAB230D18F900AF7693 /* kylRxMemoryDemoTests */ = {
			isa = PBXNativeTarget;
			buildConfigurationList = A5482EC3230D18F900AF7693 /* Build configuration list for PBXNativeTarget "kylRxMemoryDemoTests" */;
			buildPhases = (
				A5482EA8230D18F900AF7693 /* Sources */,
				A5482EA9230D18F900AF7693 /* Frameworks */,
				A5482EAA230D18F900AF7693 /* Resources */,
			);
			buildRules = (
			);
			dependencies = (
				A5482EAE230D18F900AF7693 /* PBXTargetDependency */,
			);
			name = kylRxMemoryDemoTests;
			productName = kylRxMemoryDemoTests;
			productReference = A5482EAC230D18F900AF7693 /* kylRxMemoryDemoTests.xctest */;
			productType = "com.apple.product-type.bundle.unit-test";
		};
		A5482EB6230D18F900AF7693 /* kylRxMemoryDemoUITests */ = {
			isa = PBXNativeTarget;
			buildConfigurationList = A5482EC6230D18F900AF7693 /* Build configuration list for PBXNativeTarget "kylRxMemoryDemoUITests" */;
			buildPhases = (
				A5482EB3230D18F900AF7693 /* Sources */,
				A5482EB4230D18F900AF7693 /* Frameworks */,
				A5482EB5230D18F900AF7693 /* Resources */,
			);
			buildRules = (
			);
			dependencies = (
				A5482EB9230D18F900AF7693 /* PBXTargetDependency */,
			);
			name = kylRxMemoryDemoUITests;
			productName = kylRxMemoryDemoUITests;
			productReference = A5482EB7230D18F900AF7693 /* kylRxMemoryDemoUITests.xctest */;
			productType = "com.apple.product-type.bundle.ui-testing";
		};
/* End PBXNativeTarget section */

/* Begin PBXProject section */
		A5482E8D230D18F800AF7693 /* Project object */ = {
			isa = PBXProject;
			attributes = {
				LastSwiftUpdateCheck = 1020;
				LastUpgradeCheck = 1020;
				ORGANIZATIONNAME = "yulu kong";
				TargetAttributes = {
					A5482E94230D18F800AF7693 = {
						CreatedOnToolsVersion = 10.2.1;
					};
					A5482EAB230D18F900AF7693 = {
						CreatedOnToolsVersion = 10.2.1;
						TestTargetID = A5482E94230D18F800AF7693;
					};
					A5482EB6230D18F900AF7693 = {
						CreatedOnToolsVersion = 10.2.1;
						TestTargetID = A5482E94230D18F800AF7693;
					};
				};
			};
			buildConfigurationList = A5482E90230D18F800AF7693 /* Build configuration list for PBXProject "kylRxMemoryDemo" */;
			compatibilityVersion = "Xcode 9.3";
			developmentRegion = en;
			hasScannedForEncodings = 0;
			knownRegions = (
				en,
				Base,
			);
			mainGroup = A5482E8C230D18F800AF7693;
			productRefGroup = A5482E96230D18F800AF7693 /* Products */;
			projectDirPath = "";
			projectRoot = "";
			targets = (
				A5482E94230D18F800AF7693 /* kylRxMemoryDemo */,
				A5482EAB230D18F900AF7693 /* kylRxMemoryDemoTests */,
				A5482EB6230D18F900AF7693 /* kylRxMemoryDemoUITests */,
			);
		};
/* End PBXProject section */

/* Begin PBXResourcesBuildPhase section */
		A5482E93230D18F800AF7693 /* Resources */ = {
			isa = PBXResourcesBuildPhase;
			buildActionMask = 2147483647;
			files = (
				A5482EE0230D1BC900AF7693 /* test.html in Resources */,
				A5299A6B2310F5F70024E29A /* KRxRegisterTestVC.xib in Resources */,
				A5299A532310D14D0024E29A /* KRxTextFieldTestVC.xib in Resources */,
				A5299A4F2310CC950024E29A /* KTestHigherFunctionVC.xib in Resources */,
				A5299A77231108B10024E29A /* KTVDetailTableVC.xib in Resources */,
				A5299A6F231108040024E29A /* KTVDetailVC.xib in Resources */,
				A5482EA6230D18F900AF7693 /* LaunchScreen.storyboard in Resources */,
				A5299A4B2310C97A0024E29A /* KCTestBinderVC.xib in Resources */,
				A5482EA3230D18F900AF7693 /* Assets.xcassets in Resources */,
				A5482E9E230D18F800AF7693 /* Main.storyboard in Resources */,
			);
			runOnlyForDeploymentPostprocessing = 0;
		};
		A5482EAA230D18F900AF7693 /* Resources */ = {
			isa = PBXResourcesBuildPhase;
			buildActionMask = 2147483647;
			files = (
			);
			runOnlyForDeploymentPostprocessing = 0;
		};
		A5482EB5230D18F900AF7693 /* Resources */ = {
			isa = PBXResourcesBuildPhase;
			buildActionMask = 2147483647;
			files = (
			);
			runOnlyForDeploymentPostprocessing = 0;
		};
/* End PBXResourcesBuildPhase section */

/* Begin PBXShellScriptBuildPhase section */
		6DD657AB7A04CC057258E657 /* [CP] Check Pods Manifest.lock */ = {
			isa = PBXShellScriptBuildPhase;
			buildActionMask = 2147483647;
			files = (
			);
			inputFileListPaths = (
			);
			inputPaths = (
				"${PODS_PODFILE_DIR_PATH}/Podfile.lock",
				"${PODS_ROOT}/Manifest.lock",
			);
			name = "[CP] Check Pods Manifest.lock";
			outputFileListPaths = (
			);
			outputPaths = (
				"$(DERIVED_FILE_DIR)/Pods-kylRxMemoryDemo-checkManifestLockResult.txt",
			);
			runOnlyForDeploymentPostprocessing = 0;
			shellPath = /bin/sh;
			shellScript = "diff \"${PODS_PODFILE_DIR_PATH}/Podfile.lock\" \"${PODS_ROOT}/Manifest.lock\" > /dev/null\nif [ $? != 0 ] ; then\n    # print error to STDERR\n    echo \"error: The sandbox is not in sync with the Podfile.lock. Run 'pod install' or update your CocoaPods installation.\" >&2\n    exit 1\nfi\n# This output is used by Xcode 'outputs' to avoid re-running this script phase.\necho \"SUCCESS\" > \"${SCRIPT_OUTPUT_FILE_0}\"\n";
			showEnvVarsInLog = 0;
		};
		94A625B238D86FBC88CFEF78 /* [CP] Embed Pods Frameworks */ = {
			isa = PBXShellScriptBuildPhase;
			buildActionMask = 2147483647;
			files = (
			);
			inputFileListPaths = (
				"${PODS_ROOT}/Target Support Files/Pods-kylRxMemoryDemo/Pods-kylRxMemoryDemo-frameworks-${CONFIGURATION}-input-files.xcfilelist",
			);
			name = "[CP] Embed Pods Frameworks";
			outputFileListPaths = (
				"${PODS_ROOT}/Target Support Files/Pods-kylRxMemoryDemo/Pods-kylRxMemoryDemo-frameworks-${CONFIGURATION}-output-files.xcfilelist",
			);
			runOnlyForDeploymentPostprocessing = 0;
			shellPath = /bin/sh;
			shellScript = "\"${PODS_ROOT}/Target Support Files/Pods-kylRxMemoryDemo/Pods-kylRxMemoryDemo-frameworks.sh\"\n";
			showEnvVarsInLog = 0;
		};
/* End PBXShellScriptBuildPhase section */

/* Begin PBXSourcesBuildPhase section */
		A5482E91230D18F800AF7693 /* Sources */ = {
			isa = PBXSourcesBuildPhase;
			buildActionMask = 2147483647;
			files = (
				A5482EE9230D1BE200AF7693 /* KYLCornerCutter.swift in Sources */,
				A5F665C6230E7DBE0010F1AD /* KYLTagView.swift in Sources */,
				A5299A612310F2D30024E29A /* UIImage+Compound.swift in Sources */,
				A5299A652310F3030024E29A /* KTVDetailVC.swift in Sources */,
				A5482ED3230D1A7000AF7693 /* KCDetailViewController.swift in Sources */,
				A5299A432310C72F0024E29A /* KTestProxyVC.swift in Sources */,
				A5299A582310F2600024E29A /* KTVTableViewCell.swift in Sources */,
				A5482ED1230D1A7000AF7693 /* KCTableViewController.swift in Sources */,
				A5F665CD230E8EFA0010F1AD /* KTestTagViewController.swift in Sources */,
				A5299A632310F2E50024E29A /* KTVTestVC.swift in Sources */,
				A5299A76231108B10024E29A /* KTVDetailTableVC.swift in Sources */,
				A5482ED4230D1A7000AF7693 /* KCHomeViewController.swift in Sources */,
				A5299A4E2310CC950024E29A /* KTestHigherFunctionVC.swift in Sources */,
				A5482EE4230D1BD400AF7693 /* SwiftyFitsize.swift in Sources */,
				A5299A6A2310F5F70024E29A /* KRxRegisterTestVC.swift in Sources */,
				A5482ED0230D1A7000AF7693 /* KCTableViewCell.swift in Sources */,
				A5299A412310C6DE0024E29A /* KCProxy.swift in Sources */,
				A5482E99230D18F800AF7693 /* AppDelegate.swift in Sources */,
				A5299A3F2310C5D40024E29A /* KTestModel.swift in Sources */,
				A5482EDF230D1BC900AF7693 /* KYLWebViewVC.swift in Sources */,
				A5299A3D2310C57E0024E29A /* KTestKVOVC.swift in Sources */,
				A5F665D3230E95390010F1AD /* RxSecondViewController.swift in Sources */,
				A5299A5F2310F2BD0024E29A /* KTVCacheManager.swift in Sources */,
				A5299A562310F22F0024E29A /* KTVPhotoCell.swift in Sources */,
				A5F665D5230E971D0010F1AD /* KTestTagTableVC.swift in Sources */,
				A5482ED2230D1A7000AF7693 /* KPerson.swift in Sources */,
				A5299A4A2310C97A0024E29A /* KCTestBinderVC.swift in Sources */,
				A5299A6D2310F66B0024E29A /* KDataPickerValidator.swift in Sources */,
				A5482EE5230D1BD400AF7693 /* KLayout.swift in Sources */,
				A5299A522310D14D0024E29A /* KRxTextFieldTestVC.swift in Sources */,
				A5299A3A2310C2D40024E29A /* KCTestMemoryViewController.swift in Sources */,
				A5F665C8230E7DD90010F1AD /* KYLTagField.swift in Sources */,
				A5299A5D2310F2AC0024E29A /* KTVModel.swift in Sources */,
				A5482EE1230D1BC900AF7693 /* KYLJSApiTest.swift in Sources */,
				A5482EE8230D1BE200AF7693 /* KYLFPSLabel.swift in Sources */,
				A5299A672310F3290024E29A /* KTVPhotoListVC.swift in Sources */,
				A5482EA1230D18F800AF7693 /* kylRxMemoryDemo.xcdatamodeld in Sources */,
				A5F665D1230E950A0010F1AD /* RxFirstTableViewController.swift in Sources */,
			);
			runOnlyForDeploymentPostprocessing = 0;
		};
		A5482EA8230D18F900AF7693 /* Sources */ = {
			isa = PBXSourcesBuildPhase;
			buildActionMask = 2147483647;
			files = (
				A5482EB1230D18F900AF7693 /* kylRxMemoryDemoTests.swift in Sources */,
			);
			runOnlyForDeploymentPostprocessing = 0;
		};
		A5482EB3230D18F900AF7693 /* Sources */ = {
			isa = PBXSourcesBuildPhase;
			buildActionMask = 2147483647;
			files = (
				A5482EBC230D18F900AF7693 /* kylRxMemoryDemoUITests.swift in Sources */,
			);
			runOnlyForDeploymentPostprocessing = 0;
		};
/* End PBXSourcesBuildPhase section */

/* Begin PBXTargetDependency section */
		A5482EAE230D18F900AF7693 /* PBXTargetDependency */ = {
			isa = PBXTargetDependency;
			target = A5482E94230D18F800AF7693 /* kylRxMemoryDemo */;
			targetProxy = A5482EAD230D18F900AF7693 /* PBXContainerItemProxy */;
		};
		A5482EB9230D18F900AF7693 /* PBXTargetDependency */ = {
			isa = PBXTargetDependency;
			target = A5482E94230D18F800AF7693 /* kylRxMemoryDemo */;
			targetProxy = A5482EB8230D18F900AF7693 /* PBXContainerItemProxy */;
		};
/* End PBXTargetDependency section */

/* Begin PBXVariantGroup section */
		A5482E9C230D18F800AF7693 /* Main.storyboard */ = {
			isa = PBXVariantGroup;
			children = (
				A5482E9D230D18F800AF7693 /* Base */,
			);
			name = Main.storyboard;
			sourceTree = "<group>";
		};
		A5482EA4230D18F900AF7693 /* LaunchScreen.storyboard */ = {
			isa = PBXVariantGroup;
			children = (
				A5482EA5230D18F900AF7693 /* Base */,
			);
			name = LaunchScreen.storyboard;
			sourceTree = "<group>";
		};
/* End PBXVariantGroup section */

/* Begin XCBuildConfiguration section */
		A5482EBE230D18F900AF7693 /* Debug */ = {
			isa = XCBuildConfiguration;
			buildSettings = {
				ALWAYS_SEARCH_USER_PATHS = NO;
				CLANG_ANALYZER_NONNULL = YES;
				CLANG_ANALYZER_NUMBER_OBJECT_CONVERSION = YES_AGGRESSIVE;
				CLANG_CXX_LANGUAGE_STANDARD = "gnu++14";
				CLANG_CXX_LIBRARY = "libc++";
				CLANG_ENABLE_MODULES = YES;
				CLANG_ENABLE_OBJC_ARC = YES;
				CLANG_ENABLE_OBJC_WEAK = YES;
				CLANG_WARN_BLOCK_CAPTURE_AUTORELEASING = YES;
				CLANG_WARN_BOOL_CONVERSION = YES;
				CLANG_WARN_COMMA = YES;
				CLANG_WARN_CONSTANT_CONVERSION = YES;
				CLANG_WARN_DEPRECATED_OBJC_IMPLEMENTATIONS = YES;
				CLANG_WARN_DIRECT_OBJC_ISA_USAGE = YES_ERROR;
				CLANG_WARN_DOCUMENTATION_COMMENTS = YES;
				CLANG_WARN_EMPTY_BODY = YES;
				CLANG_WARN_ENUM_CONVERSION = YES;
				CLANG_WARN_INFINITE_RECURSION = YES;
				CLANG_WARN_INT_CONVERSION = YES;
				CLANG_WARN_NON_LITERAL_NULL_CONVERSION = YES;
				CLANG_WARN_OBJC_IMPLICIT_RETAIN_SELF = YES;
				CLANG_WARN_OBJC_LITERAL_CONVERSION = YES;
				CLANG_WARN_OBJC_ROOT_CLASS = YES_ERROR;
				CLANG_WARN_RANGE_LOOP_ANALYSIS = YES;
				CLANG_WARN_STRICT_PROTOTYPES = YES;
				CLANG_WARN_SUSPICIOUS_MOVE = YES;
				CLANG_WARN_UNGUARDED_AVAILABILITY = YES_AGGRESSIVE;
				CLANG_WARN_UNREACHABLE_CODE = YES;
				CLANG_WARN__DUPLICATE_METHOD_MATCH = YES;
				CODE_SIGN_IDENTITY = "iPhone Developer";
				COPY_PHASE_STRIP = NO;
				DEBUG_INFORMATION_FORMAT = dwarf;
				ENABLE_STRICT_OBJC_MSGSEND = YES;
				ENABLE_TESTABILITY = YES;
				GCC_C_LANGUAGE_STANDARD = gnu11;
				GCC_DYNAMIC_NO_PIC = NO;
				GCC_NO_COMMON_BLOCKS = YES;
				GCC_OPTIMIZATION_LEVEL = 0;
				GCC_PREPROCESSOR_DEFINITIONS = (
					"DEBUG=1",
					"$(inherited)",
				);
				GCC_WARN_64_TO_32_BIT_CONVERSION = YES;
				GCC_WARN_ABOUT_RETURN_TYPE = YES_ERROR;
				GCC_WARN_UNDECLARED_SELECTOR = YES;
				GCC_WARN_UNINITIALIZED_AUTOS = YES_AGGRESSIVE;
				GCC_WARN_UNUSED_FUNCTION = YES;
				GCC_WARN_UNUSED_VARIABLE = YES;
				IPHONEOS_DEPLOYMENT_TARGET = 12.2;
				MTL_ENABLE_DEBUG_INFO = INCLUDE_SOURCE;
				MTL_FAST_MATH = YES;
				ONLY_ACTIVE_ARCH = YES;
				SDKROOT = iphoneos;
				SWIFT_ACTIVE_COMPILATION_CONDITIONS = DEBUG;
				SWIFT_OPTIMIZATION_LEVEL = "-Onone";
			};
			name = Debug;
		};
		A5482EBF230D18F900AF7693 /* Release */ = {
			isa = XCBuildConfiguration;
			buildSettings = {
				ALWAYS_SEARCH_USER_PATHS = NO;
				CLANG_ANALYZER_NONNULL = YES;
				CLANG_ANALYZER_NUMBER_OBJECT_CONVERSION = YES_AGGRESSIVE;
				CLANG_CXX_LANGUAGE_STANDARD = "gnu++14";
				CLANG_CXX_LIBRARY = "libc++";
				CLANG_ENABLE_MODULES = YES;
				CLANG_ENABLE_OBJC_ARC = YES;
				CLANG_ENABLE_OBJC_WEAK = YES;
				CLANG_WARN_BLOCK_CAPTURE_AUTORELEASING = YES;
				CLANG_WARN_BOOL_CONVERSION = YES;
				CLANG_WARN_COMMA = YES;
				CLANG_WARN_CONSTANT_CONVERSION = YES;
				CLANG_WARN_DEPRECATED_OBJC_IMPLEMENTATIONS = YES;
				CLANG_WARN_DIRECT_OBJC_ISA_USAGE = YES_ERROR;
				CLANG_WARN_DOCUMENTATION_COMMENTS = YES;
				CLANG_WARN_EMPTY_BODY = YES;
				CLANG_WARN_ENUM_CONVERSION = YES;
				CLANG_WARN_INFINITE_RECURSION = YES;
				CLANG_WARN_INT_CONVERSION = YES;
				CLANG_WARN_NON_LITERAL_NULL_CONVERSION = YES;
				CLANG_WARN_OBJC_IMPLICIT_RETAIN_SELF = YES;
				CLANG_WARN_OBJC_LITERAL_CONVERSION = YES;
				CLANG_WARN_OBJC_ROOT_CLASS = YES_ERROR;
				CLANG_WARN_RANGE_LOOP_ANALYSIS = YES;
				CLANG_WARN_STRICT_PROTOTYPES = YES;
				CLANG_WARN_SUSPICIOUS_MOVE = YES;
				CLANG_WARN_UNGUARDED_AVAILABILITY = YES_AGGRESSIVE;
				CLANG_WARN_UNREACHABLE_CODE = YES;
				CLANG_WARN__DUPLICATE_METHOD_MATCH = YES;
				CODE_SIGN_IDENTITY = "iPhone Developer";
				COPY_PHASE_STRIP = NO;
				DEBUG_INFORMATION_FORMAT = "dwarf-with-dsym";
				ENABLE_NS_ASSERTIONS = NO;
				ENABLE_STRICT_OBJC_MSGSEND = YES;
				GCC_C_LANGUAGE_STANDARD = gnu11;
				GCC_NO_COMMON_BLOCKS = YES;
				GCC_WARN_64_TO_32_BIT_CONVERSION = YES;
				GCC_WARN_ABOUT_RETURN_TYPE = YES_ERROR;
				GCC_WARN_UNDECLARED_SELECTOR = YES;
				GCC_WARN_UNINITIALIZED_AUTOS = YES_AGGRESSIVE;
				GCC_WARN_UNUSED_FUNCTION = YES;
				GCC_WARN_UNUSED_VARIABLE = YES;
				IPHONEOS_DEPLOYMENT_TARGET = 12.2;
				MTL_ENABLE_DEBUG_INFO = NO;
				MTL_FAST_MATH = YES;
				SDKROOT = iphoneos;
				SWIFT_COMPILATION_MODE = wholemodule;
				SWIFT_OPTIMIZATION_LEVEL = "-O";
				VALIDATE_PRODUCT = YES;
			};
			name = Release;
		};
		A5482EC1230D18F900AF7693 /* Debug */ = {
			isa = XCBuildConfiguration;
			baseConfigurationReference = 10FB71694B560F97634EB9FB /* Pods-kylRxMemoryDemo.debug.xcconfig */;
			buildSettings = {
				ASSETCATALOG_COMPILER_APPICON_NAME = AppIcon;
				CODE_SIGN_STYLE = Automatic;
				DEVELOPMENT_TEAM = GLWCRSS83U;
				INFOPLIST_FILE = kylRxMemoryDemo/Info.plist;
				IPHONEOS_DEPLOYMENT_TARGET = 11.0;
				LD_RUNPATH_SEARCH_PATHS = (
					"$(inherited)",
					"@executable_path/Frameworks",
				);
				PRODUCT_BUNDLE_IDENTIFIER = com.wswy.l05.kylRxMemoryDemo;
				PRODUCT_NAME = "$(TARGET_NAME)";
				SWIFT_VERSION = 5.0;
				TARGETED_DEVICE_FAMILY = "1,2";
			};
			name = Debug;
		};
		A5482EC2230D18F900AF7693 /* Release */ = {
			isa = XCBuildConfiguration;
			baseConfigurationReference = 7D12B7A76C92946E2B3192A1 /* Pods-kylRxMemoryDemo.release.xcconfig */;
			buildSettings = {
				ASSETCATALOG_COMPILER_APPICON_NAME = AppIcon;
				CODE_SIGN_STYLE = Automatic;
				DEVELOPMENT_TEAM = GLWCRSS83U;
				INFOPLIST_FILE = kylRxMemoryDemo/Info.plist;
				IPHONEOS_DEPLOYMENT_TARGET = 11.0;
				LD_RUNPATH_SEARCH_PATHS = (
					"$(inherited)",
					"@executable_path/Frameworks",
				);
				PRODUCT_BUNDLE_IDENTIFIER = com.wswy.l05.kylRxMemoryDemo;
				PRODUCT_NAME = "$(TARGET_NAME)";
				SWIFT_VERSION = 5.0;
				TARGETED_DEVICE_FAMILY = "1,2";
			};
			name = Release;
		};
		A5482EC4230D18F900AF7693 /* Debug */ = {
			isa = XCBuildConfiguration;
			buildSettings = {
				ALWAYS_EMBED_SWIFT_STANDARD_LIBRARIES = YES;
				BUNDLE_LOADER = "$(TEST_HOST)";
				CODE_SIGN_STYLE = Automatic;
				DEVELOPMENT_TEAM = GLWCRSS83U;
				INFOPLIST_FILE = kylRxMemoryDemoTests/Info.plist;
				LD_RUNPATH_SEARCH_PATHS = (
					"$(inherited)",
					"@executable_path/Frameworks",
					"@loader_path/Frameworks",
				);
				PRODUCT_BUNDLE_IDENTIFIER = com.wswy.l05.kylRxMemoryDemoTests;
				PRODUCT_NAME = "$(TARGET_NAME)";
				SWIFT_VERSION = 5.0;
				TARGETED_DEVICE_FAMILY = "1,2";
				TEST_HOST = "$(BUILT_PRODUCTS_DIR)/kylRxMemoryDemo.app/kylRxMemoryDemo";
			};
			name = Debug;
		};
		A5482EC5230D18F900AF7693 /* Release */ = {
			isa = XCBuildConfiguration;
			buildSettings = {
				ALWAYS_EMBED_SWIFT_STANDARD_LIBRARIES = YES;
				BUNDLE_LOADER = "$(TEST_HOST)";
				CODE_SIGN_STYLE = Automatic;
				DEVELOPMENT_TEAM = GLWCRSS83U;
				INFOPLIST_FILE = kylRxMemoryDemoTests/Info.plist;
				LD_RUNPATH_SEARCH_PATHS = (
					"$(inherited)",
					"@executable_path/Frameworks",
					"@loader_path/Frameworks",
				);
				PRODUCT_BUNDLE_IDENTIFIER = com.wswy.l05.kylRxMemoryDemoTests;
				PRODUCT_NAME = "$(TARGET_NAME)";
				SWIFT_VERSION = 5.0;
				TARGETED_DEVICE_FAMILY = "1,2";
				TEST_HOST = "$(BUILT_PRODUCTS_DIR)/kylRxMemoryDemo.app/kylRxMemoryDemo";
			};
			name = Release;
		};
		A5482EC7230D18F900AF7693 /* Debug */ = {
			isa = XCBuildConfiguration;
			buildSettings = {
				ALWAYS_EMBED_SWIFT_STANDARD_LIBRARIES = YES;
				CODE_SIGN_STYLE = Automatic;
				DEVELOPMENT_TEAM = GLWCRSS83U;
				INFOPLIST_FILE = kylRxMemoryDemoUITests/Info.plist;
				LD_RUNPATH_SEARCH_PATHS = (
					"$(inherited)",
					"@executable_path/Frameworks",
					"@loader_path/Frameworks",
				);
				PRODUCT_BUNDLE_IDENTIFIER = com.wswy.l05.kylRxMemoryDemoUITests;
				PRODUCT_NAME = "$(TARGET_NAME)";
				SWIFT_VERSION = 5.0;
				TARGETED_DEVICE_FAMILY = "1,2";
				TEST_TARGET_NAME = kylRxMemoryDemo;
			};
			name = Debug;
		};
		A5482EC8230D18F900AF7693 /* Release */ = {
			isa = XCBuildConfiguration;
			buildSettings = {
				ALWAYS_EMBED_SWIFT_STANDARD_LIBRARIES = YES;
				CODE_SIGN_STYLE = Automatic;
				DEVELOPMENT_TEAM = GLWCRSS83U;
				INFOPLIST_FILE = kylRxMemoryDemoUITests/Info.plist;
				LD_RUNPATH_SEARCH_PATHS = (
					"$(inherited)",
					"@executable_path/Frameworks",
					"@loader_path/Frameworks",
				);
				PRODUCT_BUNDLE_IDENTIFIER = com.wswy.l05.kylRxMemoryDemoUITests;
				PRODUCT_NAME = "$(TARGET_NAME)";
				SWIFT_VERSION = 5.0;
				TARGETED_DEVICE_FAMILY = "1,2";
				TEST_TARGET_NAME = kylRxMemoryDemo;
			};
			name = Release;
		};
/* End XCBuildConfiguration section */

/* Begin XCConfigurationList section */
		A5482E90230D18F800AF7693 /* Build configuration list for PBXProject "kylRxMemoryDemo" */ = {
			isa = XCConfigurationList;
			buildConfigurations = (
				A5482EBE230D18F900AF7693 /* Debug */,
				A5482EBF230D18F900AF7693 /* Release */,
			);
			defaultConfigurationIsVisible = 0;
			defaultConfigurationName = Release;
		};
		A5482EC0230D18F900AF7693 /* Build configuration list for PBXNativeTarget "kylRxMemoryDemo" */ = {
			isa = XCConfigurationList;
			buildConfigurations = (
				A5482EC1230D18F900AF7693 /* Debug */,
				A5482EC2230D18F900AF7693 /* Release */,
			);
			defaultConfigurationIsVisible = 0;
			defaultConfigurationName = Release;
		};
		A5482EC3230D18F900AF7693 /* Build configuration list for PBXNativeTarget "kylRxMemoryDemoTests" */ = {
			isa = XCConfigurationList;
			buildConfigurations = (
				A5482EC4230D18F900AF7693 /* Debug */,
				A5482EC5230D18F900AF7693 /* Release */,
			);
			defaultConfigurationIsVisible = 0;
			defaultConfigurationName = Release;
		};
		A5482EC6230D18F900AF7693 /* Build configuration list for PBXNativeTarget "kylRxMemoryDemoUITests" */ = {
			isa = XCConfigurationList;
			buildConfigurations = (
				A5482EC7230D18F900AF7693 /* Debug */,
				A5482EC8230D18F900AF7693 /* Release */,
			);
			defaultConfigurationIsVisible = 0;
			defaultConfigurationName = Release;
		};
/* End XCConfigurationList section */

/* Begin XCVersionGroup section */
		A5482E9F230D18F800AF7693 /* kylRxMemoryDemo.xcdatamodeld */ = {
			isa = XCVersionGroup;
			children = (
				A5482EA0230D18F800AF7693 /* kylRxMemoryDemo.xcdatamodel */,
			);
			currentVersion = A5482EA0230D18F800AF7693 /* kylRxMemoryDemo.xcdatamodel */;
			path = kylRxMemoryDemo.xcdatamodeld;
			sourceTree = "<group>";
			versionGroupType = wrapper.xcdatamodel;
		};
/* End XCVersionGroup section */
	};
	rootObject = A5482E8D230D18F800AF7693 /* Project object */;
}
